// !$*UTF8*$!
{
	archiveVersion = 1;
	classes = {
	};
	objectVersion = 46;
	objects = {

/* Begin PBXBuildFile section */
		942C7BDB1BDFB3AE00E8F41F /* main.m in Sources */ = {isa = PBXBuildFile; fileRef = 942C7BDA1BDFB3AE00E8F41F /* main.m */; };
		942C7BDE1BDFB3AE00E8F41F /* AppDelegate.m in Sources */ = {isa = PBXBuildFile; fileRef = 942C7BDD1BDFB3AE00E8F41F /* AppDelegate.m */; };
		942C7BE61BDFB3AE00E8F41F /* Assets.xcassets in Resources */ = {isa = PBXBuildFile; fileRef = 942C7BE51BDFB3AE00E8F41F /* Assets.xcassets */; };
		942C7BE91BDFB3AE00E8F41F /* LaunchScreen.storyboard in Resources */ = {isa = PBXBuildFile; fileRef = 942C7BE71BDFB3AE00E8F41F /* LaunchScreen.storyboard */; };
		942C7BFE1BDFB50C00E8F41F /* BreviaryController.m in Sources */ = {isa = PBXBuildFile; fileRef = 942C7BF11BDFB50C00E8F41F /* BreviaryController.m */; };
		942C7BFF1BDFB50C00E8F41F /* IDNBreviaryView.m in Sources */ = {isa = PBXBuildFile; fileRef = 942C7BF31BDFB50C00E8F41F /* IDNBreviaryView.m */; };
		942C7C001BDFB50C00E8F41F /* ImageCollector.m in Sources */ = {isa = PBXBuildFile; fileRef = 942C7BF51BDFB50C00E8F41F /* ImageCollector.m */; };
		942C7C011BDFB50C00E8F41F /* RootController.m in Sources */ = {isa = PBXBuildFile; fileRef = 942C7BF71BDFB50C00E8F41F /* RootController.m */; };
		942C7C021BDFB50C00E8F41F /* MyCommon.m in Sources */ = {isa = PBXBuildFile; fileRef = 942C7BF91BDFB50C00E8F41F /* MyCommon.m */; };
		942C7C031BDFB50C00E8F41F /* PhotoBrowserView.m in Sources */ = {isa = PBXBuildFile; fileRef = 942C7BFB1BDFB50C00E8F41F /* PhotoBrowserView.m */; };
		942C7C041BDFB50C00E8F41F /* PhotoController.m in Sources */ = {isa = PBXBuildFile; fileRef = 942C7BFD1BDFB50C00E8F41F /* PhotoController.m */; };
		942C7C091BDFB65300E8F41F /* XLoader.m in Sources */ = {isa = PBXBuildFile; fileRef = 942C7C081BDFB65300E8F41F /* XLoader.m */; };
		942C7C0C1BDFB66B00E8F41F /* TouchAssistant.m in Sources */ = {isa = PBXBuildFile; fileRef = 942C7C0B1BDFB66B00E8F41F /* TouchAssistant.m */; };
		942C7C0F1BDFB6C100E8F41F /* TouchesAssist.m in Sources */ = {isa = PBXBuildFile; fileRef = 942C7C0E1BDFB6C100E8F41F /* TouchesAssist.m */; };
		942C7D9F1BDFBC6A00E8F41F /* UIImageAdjust.m in Sources */ = {isa = PBXBuildFile; fileRef = 942C7D9E1BDFBC6A00E8F41F /* UIImageAdjust.m */; };
		942C7DA21BDFC6ED00E8F41F /* IDNTimekeeper.m in Sources */ = {isa = PBXBuildFile; fileRef = 942C7DA11BDFC6ED00E8F41F /* IDNTimekeeper.m */; };
		94CB05C61C00F95B004045FC /* IDNAsyncTask.m in Sources */ = {isa = PBXBuildFile; fileRef = 94CB05481C00F95A004045FC /* IDNAsyncTask.m */; };
		94CB05C71C00F95B004045FC /* IDNAutoPersist.m in Sources */ = {isa = PBXBuildFile; fileRef = 94CB054A1C00F95A004045FC /* IDNAutoPersist.m */; };
		94CB05C81C00F95B004045FC /* IDNFileCache.m in Sources */ = {isa = PBXBuildFile; fileRef = 94CB054C1C00F95A004045FC /* IDNFileCache.m */; };
		94CB05C91C00F95B004045FC /* IDNFixedList.m in Sources */ = {isa = PBXBuildFile; fileRef = 94CB054E1C00F95A004045FC /* IDNFixedList.m */; };
		94CB05CA1C00F95B004045FC /* IDNItemCenter.m in Sources */ = {isa = PBXBuildFile; fileRef = 94CB05511C00F95A004045FC /* IDNItemCenter.m */; };
		94CB05CB1C00F95B004045FC /* IDNListItemCenter.m in Sources */ = {isa = PBXBuildFile; fileRef = 94CB05531C00F95A004045FC /* IDNListItemCenter.m */; };
		94CB05CC1C00F95B004045FC /* IDNNetwork.m in Sources */ = {isa = PBXBuildFile; fileRef = 94CB05551C00F95A004045FC /* IDNNetwork.m */; };
		94CB05CD1C00F95B004045FC /* IDNNotificationCenter.m in Sources */ = {isa = PBXBuildFile; fileRef = 94CB05571C00F95A004045FC /* IDNNotificationCenter.m */; };
		94CB05CE1C00F95B004045FC /* IDNResultList.m in Sources */ = {isa = PBXBuildFile; fileRef = 94CB05591C00F95A004045FC /* IDNResultList.m */; };
		94CB05CF1C00F95B004045FC /* IDNSegList.m in Sources */ = {isa = PBXBuildFile; fileRef = 94CB055B1C00F95A004045FC /* IDNSegList.m */; };
		94CB05D01C00F95B004045FC /* IDNTask.m in Sources */ = {isa = PBXBuildFile; fileRef = 94CB055D1C00F95A004045FC /* IDNTask.m */; };
		94CB05D11C00F95B004045FC /* NSArray+IDN.m in Sources */ = {isa = PBXBuildFile; fileRef = 94CB055F1C00F95A004045FC /* NSArray+IDN.m */; };
		94CB05D21C00F95B004045FC /* NSData+IDNExtend.m in Sources */ = {isa = PBXBuildFile; fileRef = 94CB05611C00F95A004045FC /* NSData+IDNExtend.m */; };
		94CB05D31C00F95B004045FC /* NSDate+IDNExtend.m in Sources */ = {isa = PBXBuildFile; fileRef = 94CB05631C00F95A004045FC /* NSDate+IDNExtend.m */; };
		94CB05D41C00F95B004045FC /* NSDictionary+IDNExtend.m in Sources */ = {isa = PBXBuildFile; fileRef = 94CB05651C00F95A004045FC /* NSDictionary+IDNExtend.m */; };
		94CB05D51C00F95B004045FC /* NSError+IDNExtend.m in Sources */ = {isa = PBXBuildFile; fileRef = 94CB05671C00F95A004045FC /* NSError+IDNExtend.m */; };
		94CB05D61C00F95B004045FC /* NSFileManager+IDNExtend.m in Sources */ = {isa = PBXBuildFile; fileRef = 94CB05691C00F95A004045FC /* NSFileManager+IDNExtend.m */; };
		94CB05D71C00F95B004045FC /* NSObject+IDNCustomObject.m in Sources */ = {isa = PBXBuildFile; fileRef = 94CB056B1C00F95A004045FC /* NSObject+IDNCustomObject.m */; };
		94CB05D81C00F95B004045FC /* NSObject+IDNDeallocBlock.m in Sources */ = {isa = PBXBuildFile; fileRef = 94CB056D1C00F95A004045FC /* NSObject+IDNDeallocBlock.m */; };
		94CB05D91C00F95B004045FC /* NSObject+IDNEventHandle.m in Sources */ = {isa = PBXBuildFile; fileRef = 94CB056F1C00F95A004045FC /* NSObject+IDNEventHandle.m */; };
		94CB05DA1C00F95B004045FC /* NSObject+IDNNotice.m in Sources */ = {isa = PBXBuildFile; fileRef = 94CB05711C00F95A004045FC /* NSObject+IDNNotice.m */; };
		94CB05DB1C00F95B004045FC /* NSObject+IDNPerformSelector.m in Sources */ = {isa = PBXBuildFile; fileRef = 94CB05731C00F95A004045FC /* NSObject+IDNPerformSelector.m */; };
		94CB05DC1C00F95B004045FC /* NSPointerArray+IDNExtend.m in Sources */ = {isa = PBXBuildFile; fileRef = 94CB05751C00F95A004045FC /* NSPointerArray+IDNExtend.m */; };
		94CB05DD1C00F95B004045FC /* NSString+IDNExtend.m in Sources */ = {isa = PBXBuildFile; fileRef = 94CB05771C00F95A004045FC /* NSString+IDNExtend.m */; };
		94CB05DE1C00F95B004045FC /* NSTimer+IDNWeakTarget.m in Sources */ = {isa = PBXBuildFile; fileRef = 94CB05791C00F95A004045FC /* NSTimer+IDNWeakTarget.m */; };
		94CB05DF1C00F95B004045FC /* SegmentQuery.m in Sources */ = {isa = PBXBuildFile; fileRef = 94CB057B1C00F95A004045FC /* SegmentQuery.m */; };
		94CB05E01C00F95B004045FC /* IDNActivityIndicator.m in Sources */ = {isa = PBXBuildFile; fileRef = 94CB057E1C00F95A004045FC /* IDNActivityIndicator.m */; };
		94CB05E11C00F95B004045FC /* IDNColorButton.m in Sources */ = {isa = PBXBuildFile; fileRef = 94CB05801C00F95A004045FC /* IDNColorButton.m */; };
		94CB05E21C00F95B004045FC /* IDNFrameView.m in Sources */ = {isa = PBXBuildFile; fileRef = 94CB05821C00F95A004045FC /* IDNFrameView.m */; };
		94CB05E31C00F95B004045FC /* IDNGradientView.m in Sources */ = {isa = PBXBuildFile; fileRef = 94CB05841C00F95A004045FC /* IDNGradientView.m */; };
		94CB05E41C00F95B004045FC /* IDNImagePickerController.m in Sources */ = {isa = PBXBuildFile; fileRef = 94CB05861C00F95A004045FC /* IDNImagePickerController.m */; };
		94CB05E51C00F95B004045FC /* IDNInputHelperView.m in Sources */ = {isa = PBXBuildFile; fileRef = 94CB05881C00F95A004045FC /* IDNInputHelperView.m */; };
		94CB05E61C00F95B004045FC /* IDNMainController.m in Sources */ = {isa = PBXBuildFile; fileRef = 94CB058B1C00F95A004045FC /* IDNMainController.m */; };
		94CB05E71C00F95B004045FC /* IDNPageController.m in Sources */ = {isa = PBXBuildFile; fileRef = 94CB058D1C00F95A004045FC /* IDNPageController.m */; };
		94CB05E81C00F95B004045FC /* IDNProgressView.m in Sources */ = {isa = PBXBuildFile; fileRef = 94CB058F1C00F95A004045FC /* IDNProgressView.m */; };
		94CB05E91C00F95B004045FC /* IDNRefreshControl.m in Sources */ = {isa = PBXBuildFile; fileRef = 94CB05911C00F95A004045FC /* IDNRefreshControl.m */; };
		94CB05EA1C00F95B004045FC /* IDNScanCodeView.m in Sources */ = {isa = PBXBuildFile; fileRef = 94CB05931C00F95A004045FC /* IDNScanCodeView.m */; };
		94CB05EB1C00F95B004045FC /* IDNSearchBar.m in Sources */ = {isa = PBXBuildFile; fileRef = 94CB05951C00F95A004045FC /* IDNSearchBar.m */; };
		94CB05EC1C00F95B004045FC /* IDNSideMenuController.m in Sources */ = {isa = PBXBuildFile; fileRef = 94CB05971C00F95A004045FC /* IDNSideMenuController.m */; };
		94CB05ED1C00F95B004045FC /* IDNSplitMainController.m in Sources */ = {isa = PBXBuildFile; fileRef = 94CB05991C00F95A004045FC /* IDNSplitMainController.m */; };
		94CB05EE1C00F95B004045FC /* IDNTapGestureRecognizer.m in Sources */ = {isa = PBXBuildFile; fileRef = 94CB059B1C00F95A004045FC /* IDNTapGestureRecognizer.m */; };
		94CB05EF1C00F95B004045FC /* IDNTopTabController.m in Sources */ = {isa = PBXBuildFile; fileRef = 94CB059D1C00F95A004045FC /* IDNTopTabController.m */; };
		94CB05F01C00F95B004045FC /* IDNTouchGestureRecognizer.m in Sources */ = {isa = PBXBuildFile; fileRef = 94CB059F1C00F95A004045FC /* IDNTouchGestureRecognizer.m */; };
		94CB05F11C00F95B004045FC /* IDNViewControllerAnimatedTransitioningLeftRight.m in Sources */ = {isa = PBXBuildFile; fileRef = 94CB05A11C00F95A004045FC /* IDNViewControllerAnimatedTransitioningLeftRight.m */; };
		94CB05F21C00F95B004045FC /* UIAlertView+IDN.m in Sources */ = {isa = PBXBuildFile; fileRef = 94CB05A31C00F95A004045FC /* UIAlertView+IDN.m */; };
		94CB05F31C00F95B004045FC /* UIApplication+IDNExt.m in Sources */ = {isa = PBXBuildFile; fileRef = 94CB05A51C00F95A004045FC /* UIApplication+IDNExt.m */; };
		94CB05F41C00F95B004045FC /* UIBezierPath+IDNExtend.m in Sources */ = {isa = PBXBuildFile; fileRef = 94CB05A71C00F95A004045FC /* UIBezierPath+IDNExtend.m */; };
		94CB05F51C00F95B004045FC /* UIImage+IDNExtend.m in Sources */ = {isa = PBXBuildFile; fileRef = 94CB05A91C00F95A004045FC /* UIImage+IDNExtend.m */; };
		94CB05F61C00F95B004045FC /* UINavigationController+IDNNavBarHidden.m in Sources */ = {isa = PBXBuildFile; fileRef = 94CB05AB1C00F95A004045FC /* UINavigationController+IDNNavBarHidden.m */; };
		94CB05F71C00F95B004045FC /* UIPickerView+IDNPickDate.m in Sources */ = {isa = PBXBuildFile; fileRef = 94CB05AD1C00F95A004045FC /* UIPickerView+IDNPickDate.m */; };
		94CB05F81C00F95B004045FC /* UIPickerView+IDNTap.m in Sources */ = {isa = PBXBuildFile; fileRef = 94CB05AF1C00F95B004045FC /* UIPickerView+IDNTap.m */; };
		94CB05F91C00F95B004045FC /* UIScreen+IDNExtend.m in Sources */ = {isa = PBXBuildFile; fileRef = 94CB05B11C00F95B004045FC /* UIScreen+IDNExtend.m */; };
		94CB05FA1C00F95B004045FC /* UITabBar+IDNRedPoint.m in Sources */ = {isa = PBXBuildFile; fileRef = 94CB05B31C00F95B004045FC /* UITabBar+IDNRedPoint.m */; };
		94CB05FB1C00F95B004045FC /* UIView+IDNCountBadge.m in Sources */ = {isa = PBXBuildFile; fileRef = 94CB05B51C00F95B004045FC /* UIView+IDNCountBadge.m */; };
		94CB05FC1C00F95B004045FC /* UIView+IDNExtend.m in Sources */ = {isa = PBXBuildFile; fileRef = 94CB05B71C00F95B004045FC /* UIView+IDNExtend.m */; };
		94CB05FD1C00F95B004045FC /* UIView+IDNKeyboard.m in Sources */ = {isa = PBXBuildFile; fileRef = 94CB05B91C00F95B004045FC /* UIView+IDNKeyboard.m */; };
		94CB05FE1C00F95B004045FC /* UIView+IDNZoom.m in Sources */ = {isa = PBXBuildFile; fileRef = 94CB05BB1C00F95B004045FC /* UIView+IDNZoom.m */; };
		94CB05FF1C00F95B004045FC /* UIViewController+IDNPresentationStack.m in Sources */ = {isa = PBXBuildFile; fileRef = 94CB05BD1C00F95B004045FC /* UIViewController+IDNPresentationStack.m */; };
		94CB06001C00F95B004045FC /* UIViewController+IDNPrompt.m in Sources */ = {isa = PBXBuildFile; fileRef = 94CB05BF1C00F95B004045FC /* UIViewController+IDNPrompt.m */; };
		94CB06011C00F95B004045FC /* UIViewController+IDNScreenAdapt.m in Sources */ = {isa = PBXBuildFile; fileRef = 94CB05C11C00F95B004045FC /* UIViewController+IDNScreenAdapt.m */; };
		94CB06021C00F95B004045FC /* UIViewController+IDNTransition.m in Sources */ = {isa = PBXBuildFile; fileRef = 94CB05C31C00F95B004045FC /* UIViewController+IDNTransition.m */; };
		94CB06031C00F95B004045FC /* UIWindow+IDNExt.m in Sources */ = {isa = PBXBuildFile; fileRef = 94CB05C51C00F95B004045FC /* UIWindow+IDNExt.m */; };
/* End PBXBuildFile section */

/* Begin PBXFileReference section */
		942C7BD61BDFB3AE00E8F41F /* IDNPhotoView.app */ = {isa = PBXFileReference; explicitFileType = wrapper.application; includeInIndex = 0; path = IDNPhotoView.app; sourceTree = BUILT_PRODUCTS_DIR; };
		942C7BDA1BDFB3AE00E8F41F /* main.m */ = {isa = PBXFileReference; lastKnownFileType = sourcecode.c.objc; path = main.m; sourceTree = "<group>"; };
		942C7BDC1BDFB3AE00E8F41F /* AppDelegate.h */ = {isa = PBXFileReference; lastKnownFileType = sourcecode.c.h; path = AppDelegate.h; sourceTree = "<group>"; };
		942C7BDD1BDFB3AE00E8F41F /* AppDelegate.m */ = {isa = PBXFileReference; lastKnownFileType = sourcecode.c.objc; path = AppDelegate.m; sourceTree = "<group>"; };
		942C7BE51BDFB3AE00E8F41F /* Assets.xcassets */ = {isa = PBXFileReference; lastKnownFileType = folder.assetcatalog; path = Assets.xcassets; sourceTree = "<group>"; };
		942C7BE81BDFB3AE00E8F41F /* Base */ = {isa = PBXFileReference; lastKnownFileType = file.storyboard; name = Base; path = Base.lproj/LaunchScreen.storyboard; sourceTree = "<group>"; };
		942C7BEA1BDFB3AE00E8F41F /* Info.plist */ = {isa = PBXFileReference; lastKnownFileType = text.plist.xml; path = Info.plist; sourceTree = "<group>"; };
		942C7BF01BDFB50C00E8F41F /* BreviaryController.h */ = {isa = PBXFileReference; fileEncoding = 4; lastKnownFileType = sourcecode.c.h; path = BreviaryController.h; sourceTree = "<group>"; };
		942C7BF11BDFB50C00E8F41F /* BreviaryController.m */ = {isa = PBXFileReference; fileEncoding = 4; lastKnownFileType = sourcecode.c.objc; path = BreviaryController.m; sourceTree = "<group>"; };
		942C7BF21BDFB50C00E8F41F /* IDNBreviaryView.h */ = {isa = PBXFileReference; fileEncoding = 4; lastKnownFileType = sourcecode.c.h; path = IDNBreviaryView.h; sourceTree = "<group>"; };
		942C7BF31BDFB50C00E8F41F /* IDNBreviaryView.m */ = {isa = PBXFileReference; fileEncoding = 4; lastKnownFileType = sourcecode.c.objc; path = IDNBreviaryView.m; sourceTree = "<group>"; };
		942C7BF41BDFB50C00E8F41F /* ImageCollector.h */ = {isa = PBXFileReference; fileEncoding = 4; lastKnownFileType = sourcecode.c.h; path = ImageCollector.h; sourceTree = "<group>"; };
		942C7BF51BDFB50C00E8F41F /* ImageCollector.m */ = {isa = PBXFileReference; fileEncoding = 4; lastKnownFileType = sourcecode.c.objc; path = ImageCollector.m; sourceTree = "<group>"; };
		942C7BF61BDFB50C00E8F41F /* RootController.h */ = {isa = PBXFileReference; fileEncoding = 4; lastKnownFileType = sourcecode.c.h; path = RootController.h; sourceTree = "<group>"; };
		942C7BF71BDFB50C00E8F41F /* RootController.m */ = {isa = PBXFileReference; fileEncoding = 4; lastKnownFileType = sourcecode.c.objc; path = RootController.m; sourceTree = "<group>"; };
		942C7BF81BDFB50C00E8F41F /* MyCommon.h */ = {isa = PBXFileReference; fileEncoding = 4; lastKnownFileType = sourcecode.c.h; path = MyCommon.h; sourceTree = "<group>"; };
		942C7BF91BDFB50C00E8F41F /* MyCommon.m */ = {isa = PBXFileReference; fileEncoding = 4; lastKnownFileType = sourcecode.c.objc; path = MyCommon.m; sourceTree = "<group>"; };
		942C7BFA1BDFB50C00E8F41F /* PhotoBrowserView.h */ = {isa = PBXFileReference; fileEncoding = 4; lastKnownFileType = sourcecode.c.h; path = PhotoBrowserView.h; sourceTree = "<group>"; };
		942C7BFB1BDFB50C00E8F41F /* PhotoBrowserView.m */ = {isa = PBXFileReference; fileEncoding = 4; lastKnownFileType = sourcecode.c.objc; path = PhotoBrowserView.m; sourceTree = "<group>"; };
		942C7BFC1BDFB50C00E8F41F /* PhotoController.h */ = {isa = PBXFileReference; fileEncoding = 4; lastKnownFileType = sourcecode.c.h; path = PhotoController.h; sourceTree = "<group>"; };
		942C7BFD1BDFB50C00E8F41F /* PhotoController.m */ = {isa = PBXFileReference; fileEncoding = 4; lastKnownFileType = sourcecode.c.objc; path = PhotoController.m; sourceTree = "<group>"; };
		942C7C071BDFB65300E8F41F /* XLoader.h */ = {isa = PBXFileReference; fileEncoding = 4; lastKnownFileType = sourcecode.c.h; path = XLoader.h; sourceTree = "<group>"; };
		942C7C081BDFB65300E8F41F /* XLoader.m */ = {isa = PBXFileReference; fileEncoding = 4; lastKnownFileType = sourcecode.c.objc; path = XLoader.m; sourceTree = "<group>"; };
		942C7C0A1BDFB66B00E8F41F /* TouchAssistant.h */ = {isa = PBXFileReference; fileEncoding = 4; lastKnownFileType = sourcecode.c.h; path = TouchAssistant.h; sourceTree = "<group>"; };
		942C7C0B1BDFB66B00E8F41F /* TouchAssistant.m */ = {isa = PBXFileReference; fileEncoding = 4; lastKnownFileType = sourcecode.c.objc; path = TouchAssistant.m; sourceTree = "<group>"; };
		942C7C0D1BDFB6C100E8F41F /* TouchesAssist.h */ = {isa = PBXFileReference; fileEncoding = 4; lastKnownFileType = sourcecode.c.h; path = TouchesAssist.h; sourceTree = "<group>"; };
		942C7C0E1BDFB6C100E8F41F /* TouchesAssist.m */ = {isa = PBXFileReference; fileEncoding = 4; lastKnownFileType = sourcecode.c.objc; path = TouchesAssist.m; sourceTree = "<group>"; };
		942C7D9D1BDFBC6A00E8F41F /* UIImageAdjust.h */ = {isa = PBXFileReference; fileEncoding = 4; lastKnownFileType = sourcecode.c.h; path = UIImageAdjust.h; sourceTree = "<group>"; };
		942C7D9E1BDFBC6A00E8F41F /* UIImageAdjust.m */ = {isa = PBXFileReference; fileEncoding = 4; lastKnownFileType = sourcecode.c.objc; path = UIImageAdjust.m; sourceTree = "<group>"; };
		942C7DA01BDFC6ED00E8F41F /* IDNTimekeeper.h */ = {isa = PBXFileReference; fileEncoding = 4; lastKnownFileType = sourcecode.c.h; path = IDNTimekeeper.h; sourceTree = "<group>"; };
		942C7DA11BDFC6ED00E8F41F /* IDNTimekeeper.m */ = {isa = PBXFileReference; fileEncoding = 4; lastKnownFileType = sourcecode.c.objc; path = IDNTimekeeper.m; sourceTree = "<group>"; };
		94CB05471C00F95A004045FC /* IDNAsyncTask.h */ = {isa = PBXFileReference; fileEncoding = 4; lastKnownFileType = sourcecode.c.h; path = IDNAsyncTask.h; sourceTree = "<group>"; };
		94CB05481C00F95A004045FC /* IDNAsyncTask.m */ = {isa = PBXFileReference; fileEncoding = 4; lastKnownFileType = sourcecode.c.objc; path = IDNAsyncTask.m; sourceTree = "<group>"; };
		94CB05491C00F95A004045FC /* IDNAutoPersist.h */ = {isa = PBXFileReference; fileEncoding = 4; lastKnownFileType = sourcecode.c.h; path = IDNAutoPersist.h; sourceTree = "<group>"; };
		94CB054A1C00F95A004045FC /* IDNAutoPersist.m */ = {isa = PBXFileReference; fileEncoding = 4; lastKnownFileType = sourcecode.c.objc; path = IDNAutoPersist.m; sourceTree = "<group>"; };
		94CB054B1C00F95A004045FC /* IDNFileCache.h */ = {isa = PBXFileReference; fileEncoding = 4; lastKnownFileType = sourcecode.c.h; path = IDNFileCache.h; sourceTree = "<group>"; };
		94CB054C1C00F95A004045FC /* IDNFileCache.m */ = {isa = PBXFileReference; fileEncoding = 4; lastKnownFileType = sourcecode.c.objc; path = IDNFileCache.m; sourceTree = "<group>"; };
		94CB054D1C00F95A004045FC /* IDNFixedList.h */ = {isa = PBXFileReference; fileEncoding = 4; lastKnownFileType = sourcecode.c.h; path = IDNFixedList.h; sourceTree = "<group>"; };
		94CB054E1C00F95A004045FC /* IDNFixedList.m */ = {isa = PBXFileReference; fileEncoding = 4; lastKnownFileType = sourcecode.c.objc; path = IDNFixedList.m; sourceTree = "<group>"; };
		94CB054F1C00F95A004045FC /* IDNFoundation.h */ = {isa = PBXFileReference; fileEncoding = 4; lastKnownFileType = sourcecode.c.h; path = IDNFoundation.h; sourceTree = "<group>"; };
		94CB05501C00F95A004045FC /* IDNItemCenter.h */ = {isa = PBXFileReference; fileEncoding = 4; lastKnownFileType = sourcecode.c.h; path = IDNItemCenter.h; sourceTree = "<group>"; };
		94CB05511C00F95A004045FC /* IDNItemCenter.m */ = {isa = PBXFileReference; fileEncoding = 4; lastKnownFileType = sourcecode.c.objc; path = IDNItemCenter.m; sourceTree = "<group>"; };
		94CB05521C00F95A004045FC /* IDNListItemCenter.h */ = {isa = PBXFileReference; fileEncoding = 4; lastKnownFileType = sourcecode.c.h; path = IDNListItemCenter.h; sourceTree = "<group>"; };
		94CB05531C00F95A004045FC /* IDNListItemCenter.m */ = {isa = PBXFileReference; fileEncoding = 4; lastKnownFileType = sourcecode.c.objc; path = IDNListItemCenter.m; sourceTree = "<group>"; };
		94CB05541C00F95A004045FC /* IDNNetwork.h */ = {isa = PBXFileReference; fileEncoding = 4; lastKnownFileType = sourcecode.c.h; path = IDNNetwork.h; sourceTree = "<group>"; };
		94CB05551C00F95A004045FC /* IDNNetwork.m */ = {isa = PBXFileReference; fileEncoding = 4; lastKnownFileType = sourcecode.c.objc; path = IDNNetwork.m; sourceTree = "<group>"; };
		94CB05561C00F95A004045FC /* IDNNotificationCenter.h */ = {isa = PBXFileReference; fileEncoding = 4; lastKnownFileType = sourcecode.c.h; path = IDNNotificationCenter.h; sourceTree = "<group>"; };
		94CB05571C00F95A004045FC /* IDNNotificationCenter.m */ = {isa = PBXFileReference; fileEncoding = 4; lastKnownFileType = sourcecode.c.objc; path = IDNNotificationCenter.m; sourceTree = "<group>"; };
		94CB05581C00F95A004045FC /* IDNResultList.h */ = {isa = PBXFileReference; fileEncoding = 4; lastKnownFileType = sourcecode.c.h; path = IDNResultList.h; sourceTree = "<group>"; };
		94CB05591C00F95A004045FC /* IDNResultList.m */ = {isa = PBXFileReference; fileEncoding = 4; lastKnownFileType = sourcecode.c.objc; path = IDNResultList.m; sourceTree = "<group>"; };
		94CB055A1C00F95A004045FC /* IDNSegList.h */ = {isa = PBXFileReference; fileEncoding = 4; lastKnownFileType = sourcecode.c.h; path = IDNSegList.h; sourceTree = "<group>"; };
		94CB055B1C00F95A004045FC /* IDNSegList.m */ = {isa = PBXFileReference; fileEncoding = 4; lastKnownFileType = sourcecode.c.objc; path = IDNSegList.m; sourceTree = "<group>"; };
		94CB055C1C00F95A004045FC /* IDNTask.h */ = {isa = PBXFileReference; fileEncoding = 4; lastKnownFileType = sourcecode.c.h; path = IDNTask.h; sourceTree = "<group>"; };
		94CB055D1C00F95A004045FC /* IDNTask.m */ = {isa = PBXFileReference; fileEncoding = 4; lastKnownFileType = sourcecode.c.objc; path = IDNTask.m; sourceTree = "<group>"; };
		94CB055E1C00F95A004045FC /* NSArray+IDN.h */ = {isa = PBXFileReference; fileEncoding = 4; lastKnownFileType = sourcecode.c.h; path = "NSArray+IDN.h"; sourceTree = "<group>"; };
		94CB055F1C00F95A004045FC /* NSArray+IDN.m */ = {isa = PBXFileReference; fileEncoding = 4; lastKnownFileType = sourcecode.c.objc; path = "NSArray+IDN.m"; sourceTree = "<group>"; };
		94CB05601C00F95A004045FC /* NSData+IDNExtend.h */ = {isa = PBXFileReference; fileEncoding = 4; lastKnownFileType = sourcecode.c.h; path = "NSData+IDNExtend.h"; sourceTree = "<group>"; };
		94CB05611C00F95A004045FC /* NSData+IDNExtend.m */ = {isa = PBXFileReference; fileEncoding = 4; lastKnownFileType = sourcecode.c.objc; path = "NSData+IDNExtend.m"; sourceTree = "<group>"; };
		94CB05621C00F95A004045FC /* NSDate+IDNExtend.h */ = {isa = PBXFileReference; fileEncoding = 4; lastKnownFileType = sourcecode.c.h; path = "NSDate+IDNExtend.h"; sourceTree = "<group>"; };
		94CB05631C00F95A004045FC /* NSDate+IDNExtend.m */ = {isa = PBXFileReference; fileEncoding = 4; lastKnownFileType = sourcecode.c.objc; path = "NSDate+IDNExtend.m"; sourceTree = "<group>"; };
		94CB05641C00F95A004045FC /* NSDictionary+IDNExtend.h */ = {isa = PBXFileReference; fileEncoding = 4; lastKnownFileType = sourcecode.c.h; path = "NSDictionary+IDNExtend.h"; sourceTree = "<group>"; };
		94CB05651C00F95A004045FC /* NSDictionary+IDNExtend.m */ = {isa = PBXFileReference; fileEncoding = 4; lastKnownFileType = sourcecode.c.objc; path = "NSDictionary+IDNExtend.m"; sourceTree = "<group>"; };
		94CB05661C00F95A004045FC /* NSError+IDNExtend.h */ = {isa = PBXFileReference; fileEncoding = 4; lastKnownFileType = sourcecode.c.h; path = "NSError+IDNExtend.h"; sourceTree = "<group>"; };
		94CB05671C00F95A004045FC /* NSError+IDNExtend.m */ = {isa = PBXFileReference; fileEncoding = 4; lastKnownFileType = sourcecode.c.objc; path = "NSError+IDNExtend.m"; sourceTree = "<group>"; };
		94CB05681C00F95A004045FC /* NSFileManager+IDNExtend.h */ = {isa = PBXFileReference; fileEncoding = 4; lastKnownFileType = sourcecode.c.h; path = "NSFileManager+IDNExtend.h"; sourceTree = "<group>"; };
		94CB05691C00F95A004045FC /* NSFileManager+IDNExtend.m */ = {isa = PBXFileReference; fileEncoding = 4; lastKnownFileType = sourcecode.c.objc; path = "NSFileManager+IDNExtend.m"; sourceTree = "<group>"; };
		94CB056A1C00F95A004045FC /* NSObject+IDNCustomObject.h */ = {isa = PBXFileReference; fileEncoding = 4; lastKnownFileType = sourcecode.c.h; path = "NSObject+IDNCustomObject.h"; sourceTree = "<group>"; };
		94CB056B1C00F95A004045FC /* NSObject+IDNCustomObject.m */ = {isa = PBXFileReference; fileEncoding = 4; lastKnownFileType = sourcecode.c.objc; path = "NSObject+IDNCustomObject.m"; sourceTree = "<group>"; };
		94CB056C1C00F95A004045FC /* NSObject+IDNDeallocBlock.h */ = {isa = PBXFileReference; fileEncoding = 4; lastKnownFileType = sourcecode.c.h; path = "NSObject+IDNDeallocBlock.h"; sourceTree = "<group>"; };
		94CB056D1C00F95A004045FC /* NSObject+IDNDeallocBlock.m */ = {isa = PBXFileReference; fileEncoding = 4; lastKnownFileType = sourcecode.c.objc; path = "NSObject+IDNDeallocBlock.m"; sourceTree = "<group>"; };
		94CB056E1C00F95A004045FC /* NSObject+IDNEventHandle.h */ = {isa = PBXFileReference; fileEncoding = 4; lastKnownFileType = sourcecode.c.h; path = "NSObject+IDNEventHandle.h"; sourceTree = "<group>"; };
		94CB056F1C00F95A004045FC /* NSObject+IDNEventHandle.m */ = {isa = PBXFileReference; fileEncoding = 4; lastKnownFileType = sourcecode.c.objc; path = "NSObject+IDNEventHandle.m"; sourceTree = "<group>"; };
		94CB05701C00F95A004045FC /* NSObject+IDNNotice.h */ = {isa = PBXFileReference; fileEncoding = 4; lastKnownFileType = sourcecode.c.h; path = "NSObject+IDNNotice.h"; sourceTree = "<group>"; };
		94CB05711C00F95A004045FC /* NSObject+IDNNotice.m */ = {isa = PBXFileReference; fileEncoding = 4; lastKnownFileType = sourcecode.c.objc; path = "NSObject+IDNNotice.m"; sourceTree = "<group>"; };
		94CB05721C00F95A004045FC /* NSObject+IDNPerformSelector.h */ = {isa = PBXFileReference; fileEncoding = 4; lastKnownFileType = sourcecode.c.h; path = "NSObject+IDNPerformSelector.h"; sourceTree = "<group>"; };
		94CB05731C00F95A004045FC /* NSObject+IDNPerformSelector.m */ = {isa = PBXFileReference; fileEncoding = 4; lastKnownFileType = sourcecode.c.objc; path = "NSObject+IDNPerformSelector.m"; sourceTree = "<group>"; };
		94CB05741C00F95A004045FC /* NSPointerArray+IDNExtend.h */ = {isa = PBXFileReference; fileEncoding = 4; lastKnownFileType = sourcecode.c.h; path = "NSPointerArray+IDNExtend.h"; sourceTree = "<group>"; };
		94CB05751C00F95A004045FC /* NSPointerArray+IDNExtend.m */ = {isa = PBXFileReference; fileEncoding = 4; lastKnownFileType = sourcecode.c.objc; path = "NSPointerArray+IDNExtend.m"; sourceTree = "<group>"; };
		94CB05761C00F95A004045FC /* NSString+IDNExtend.h */ = {isa = PBXFileReference; fileEncoding = 4; lastKnownFileType = sourcecode.c.h; path = "NSString+IDNExtend.h"; sourceTree = "<group>"; };
		94CB05771C00F95A004045FC /* NSString+IDNExtend.m */ = {isa = PBXFileReference; fileEncoding = 4; lastKnownFileType = sourcecode.c.objc; path = "NSString+IDNExtend.m"; sourceTree = "<group>"; };
		94CB05781C00F95A004045FC /* NSTimer+IDNWeakTarget.h */ = {isa = PBXFileReference; fileEncoding = 4; lastKnownFileType = sourcecode.c.h; path = "NSTimer+IDNWeakTarget.h"; sourceTree = "<group>"; };
		94CB05791C00F95A004045FC /* NSTimer+IDNWeakTarget.m */ = {isa = PBXFileReference; fileEncoding = 4; lastKnownFileType = sourcecode.c.objc; path = "NSTimer+IDNWeakTarget.m"; sourceTree = "<group>"; };
		94CB057A1C00F95A004045FC /* SegmentQuery.h */ = {isa = PBXFileReference; fileEncoding = 4; lastKnownFileType = sourcecode.c.h; path = SegmentQuery.h; sourceTree = "<group>"; };
		94CB057B1C00F95A004045FC /* SegmentQuery.m */ = {isa = PBXFileReference; fileEncoding = 4; lastKnownFileType = sourcecode.c.objc; path = SegmentQuery.m; sourceTree = "<group>"; };
		94CB057D1C00F95A004045FC /* IDNActivityIndicator.h */ = {isa = PBXFileReference; fileEncoding = 4; lastKnownFileType = sourcecode.c.h; path = IDNActivityIndicator.h; sourceTree = "<group>"; };
		94CB057E1C00F95A004045FC /* IDNActivityIndicator.m */ = {isa = PBXFileReference; fileEncoding = 4; lastKnownFileType = sourcecode.c.objc; path = IDNActivityIndicator.m; sourceTree = "<group>"; };
		94CB057F1C00F95A004045FC /* IDNColorButton.h */ = {isa = PBXFileReference; fileEncoding = 4; lastKnownFileType = sourcecode.c.h; path = IDNColorButton.h; sourceTree = "<group>"; };
		94CB05801C00F95A004045FC /* IDNColorButton.m */ = {isa = PBXFileReference; fileEncoding = 4; lastKnownFileType = sourcecode.c.objc; path = IDNColorButton.m; sourceTree = "<group>"; };
		94CB05811C00F95A004045FC /* IDNFrameView.h */ = {isa = PBXFileReference; fileEncoding = 4; lastKnownFileType = sourcecode.c.h; path = IDNFrameView.h; sourceTree = "<group>"; };
		94CB05821C00F95A004045FC /* IDNFrameView.m */ = {isa = PBXFileReference; fileEncoding = 4; lastKnownFileType = sourcecode.c.objc; path = IDNFrameView.m; sourceTree = "<group>"; };
		94CB05831C00F95A004045FC /* IDNGradientView.h */ = {isa = PBXFileReference; fileEncoding = 4; lastKnownFileType = sourcecode.c.h; path = IDNGradientView.h; sourceTree = "<group>"; };
		94CB05841C00F95A004045FC /* IDNGradientView.m */ = {isa = PBXFileReference; fileEncoding = 4; lastKnownFileType = sourcecode.c.objc; path = IDNGradientView.m; sourceTree = "<group>"; };
		94CB05851C00F95A004045FC /* IDNImagePickerController.h */ = {isa = PBXFileReference; fileEncoding = 4; lastKnownFileType = sourcecode.c.h; path = IDNImagePickerController.h; sourceTree = "<group>"; };
		94CB05861C00F95A004045FC /* IDNImagePickerController.m */ = {isa = PBXFileReference; fileEncoding = 4; lastKnownFileType = sourcecode.c.objc; path = IDNImagePickerController.m; sourceTree = "<group>"; };
		94CB05871C00F95A004045FC /* IDNInputHelperView.h */ = {isa = PBXFileReference; fileEncoding = 4; lastKnownFileType = sourcecode.c.h; path = IDNInputHelperView.h; sourceTree = "<group>"; };
		94CB05881C00F95A004045FC /* IDNInputHelperView.m */ = {isa = PBXFileReference; fileEncoding = 4; lastKnownFileType = sourcecode.c.objc; path = IDNInputHelperView.m; sourceTree = "<group>"; };
		94CB05891C00F95A004045FC /* IDNKit.h */ = {isa = PBXFileReference; fileEncoding = 4; lastKnownFileType = sourcecode.c.h; path = IDNKit.h; sourceTree = "<group>"; };
		94CB058A1C00F95A004045FC /* IDNMainController.h */ = {isa = PBXFileReference; fileEncoding = 4; lastKnownFileType = sourcecode.c.h; path = IDNMainController.h; sourceTree = "<group>"; };
		94CB058B1C00F95A004045FC /* IDNMainController.m */ = {isa = PBXFileReference; fileEncoding = 4; lastKnownFileType = sourcecode.c.objc; path = IDNMainController.m; sourceTree = "<group>"; };
		94CB058C1C00F95A004045FC /* IDNPageController.h */ = {isa = PBXFileReference; fileEncoding = 4; lastKnownFileType = sourcecode.c.h; path = IDNPageController.h; sourceTree = "<group>"; };
		94CB058D1C00F95A004045FC /* IDNPageController.m */ = {isa = PBXFileReference; fileEncoding = 4; lastKnownFileType = sourcecode.c.objc; path = IDNPageController.m; sourceTree = "<group>"; };
		94CB058E1C00F95A004045FC /* IDNProgressView.h */ = {isa = PBXFileReference; fileEncoding = 4; lastKnownFileType = sourcecode.c.h; path = IDNProgressView.h; sourceTree = "<group>"; };
		94CB058F1C00F95A004045FC /* IDNProgressView.m */ = {isa = PBXFileReference; fileEncoding = 4; lastKnownFileType = sourcecode.c.objc; path = IDNProgressView.m; sourceTree = "<group>"; };
		94CB05901C00F95A004045FC /* IDNRefreshControl.h */ = {isa = PBXFileReference; fileEncoding = 4; lastKnownFileType = sourcecode.c.h; path = IDNRefreshControl.h; sourceTree = "<group>"; };
		94CB05911C00F95A004045FC /* IDNRefreshControl.m */ = {isa = PBXFileReference; fileEncoding = 4; lastKnownFileType = sourcecode.c.objc; path = IDNRefreshControl.m; sourceTree = "<group>"; };
		94CB05921C00F95A004045FC /* IDNScanCodeView.h */ = {isa = PBXFileReference; fileEncoding = 4; lastKnownFileType = sourcecode.c.h; path = IDNScanCodeView.h; sourceTree = "<group>"; };
		94CB05931C00F95A004045FC /* IDNScanCodeView.m */ = {isa = PBXFileReference; fileEncoding = 4; lastKnownFileType = sourcecode.c.objc; path = IDNScanCodeView.m; sourceTree = "<group>"; };
		94CB05941C00F95A004045FC /* IDNSearchBar.h */ = {isa = PBXFileReference; fileEncoding = 4; lastKnownFileType = sourcecode.c.h; path = IDNSearchBar.h; sourceTree = "<group>"; };
		94CB05951C00F95A004045FC /* IDNSearchBar.m */ = {isa = PBXFileReference; fileEncoding = 4; lastKnownFileType = sourcecode.c.objc; path = IDNSearchBar.m; sourceTree = "<group>"; };
		94CB05961C00F95A004045FC /* IDNSideMenuController.h */ = {isa = PBXFileReference; fileEncoding = 4; lastKnownFileType = sourcecode.c.h; path = IDNSideMenuController.h; sourceTree = "<group>"; };
		94CB05971C00F95A004045FC /* IDNSideMenuController.m */ = {isa = PBXFileReference; fileEncoding = 4; lastKnownFileType = sourcecode.c.objc; path = IDNSideMenuController.m; sourceTree = "<group>"; };
		94CB05981C00F95A004045FC /* IDNSplitMainController.h */ = {isa = PBXFileReference; fileEncoding = 4; lastKnownFileType = sourcecode.c.h; path = IDNSplitMainController.h; sourceTree = "<group>"; };
		94CB05991C00F95A004045FC /* IDNSplitMainController.m */ = {isa = PBXFileReference; fileEncoding = 4; lastKnownFileType = sourcecode.c.objc; path = IDNSplitMainController.m; sourceTree = "<group>"; };
		94CB059A1C00F95A004045FC /* IDNTapGestureRecognizer.h */ = {isa = PBXFileReference; fileEncoding = 4; lastKnownFileType = sourcecode.c.h; path = IDNTapGestureRecognizer.h; sourceTree = "<group>"; };
		94CB059B1C00F95A004045FC /* IDNTapGestureRecognizer.m */ = {isa = PBXFileReference; fileEncoding = 4; lastKnownFileType = sourcecode.c.objc; path = IDNTapGestureRecognizer.m; sourceTree = "<group>"; };
		94CB059C1C00F95A004045FC /* IDNTopTabController.h */ = {isa = PBXFileReference; fileEncoding = 4; lastKnownFileType = sourcecode.c.h; path = IDNTopTabController.h; sourceTree = "<group>"; };
		94CB059D1C00F95A004045FC /* IDNTopTabController.m */ = {isa = PBXFileReference; fileEncoding = 4; lastKnownFileType = sourcecode.c.objc; path = IDNTopTabController.m; sourceTree = "<group>"; };
		94CB059E1C00F95A004045FC /* IDNTouchGestureRecognizer.h */ = {isa = PBXFileReference; fileEncoding = 4; lastKnownFileType = sourcecode.c.h; path = IDNTouchGestureRecognizer.h; sourceTree = "<group>"; };
		94CB059F1C00F95A004045FC /* IDNTouchGestureRecognizer.m */ = {isa = PBXFileReference; fileEncoding = 4; lastKnownFileType = sourcecode.c.objc; path = IDNTouchGestureRecognizer.m; sourceTree = "<group>"; };
		94CB05A01C00F95A004045FC /* IDNViewControllerAnimatedTransitioningLeftRight.h */ = {isa = PBXFileReference; fileEncoding = 4; lastKnownFileType = sourcecode.c.h; path = IDNViewControllerAnimatedTransitioningLeftRight.h; sourceTree = "<group>"; };
		94CB05A11C00F95A004045FC /* IDNViewControllerAnimatedTransitioningLeftRight.m */ = {isa = PBXFileReference; fileEncoding = 4; lastKnownFileType = sourcecode.c.objc; path = IDNViewControllerAnimatedTransitioningLeftRight.m; sourceTree = "<group>"; };
		94CB05A21C00F95A004045FC /* UIAlertView+IDN.h */ = {isa = PBXFileReference; fileEncoding = 4; lastKnownFileType = sourcecode.c.h; path = "UIAlertView+IDN.h"; sourceTree = "<group>"; };
		94CB05A31C00F95A004045FC /* UIAlertView+IDN.m */ = {isa = PBXFileReference; fileEncoding = 4; lastKnownFileType = sourcecode.c.objc; path = "UIAlertView+IDN.m"; sourceTree = "<group>"; };
		94CB05A41C00F95A004045FC /* UIApplication+IDNExt.h */ = {isa = PBXFileReference; fileEncoding = 4; lastKnownFileType = sourcecode.c.h; path = "UIApplication+IDNExt.h"; sourceTree = "<group>"; };
		94CB05A51C00F95A004045FC /* UIApplication+IDNExt.m */ = {isa = PBXFileReference; fileEncoding = 4; lastKnownFileType = sourcecode.c.objc; path = "UIApplication+IDNExt.m"; sourceTree = "<group>"; };
		94CB05A61C00F95A004045FC /* UIBezierPath+IDNExtend.h */ = {isa = PBXFileReference; fileEncoding = 4; lastKnownFileType = sourcecode.c.h; path = "UIBezierPath+IDNExtend.h"; sourceTree = "<group>"; };
		94CB05A71C00F95A004045FC /* UIBezierPath+IDNExtend.m */ = {isa = PBXFileReference; fileEncoding = 4; lastKnownFileType = sourcecode.c.objc; path = "UIBezierPath+IDNExtend.m"; sourceTree = "<group>"; };
		94CB05A81C00F95A004045FC /* UIImage+IDNExtend.h */ = {isa = PBXFileReference; fileEncoding = 4; lastKnownFileType = sourcecode.c.h; path = "UIImage+IDNExtend.h"; sourceTree = "<group>"; };
		94CB05A91C00F95A004045FC /* UIImage+IDNExtend.m */ = {isa = PBXFileReference; fileEncoding = 4; lastKnownFileType = sourcecode.c.objc; path = "UIImage+IDNExtend.m"; sourceTree = "<group>"; };
		94CB05AA1C00F95A004045FC /* UINavigationController+IDNNavBarHidden.h */ = {isa = PBXFileReference; fileEncoding = 4; lastKnownFileType = sourcecode.c.h; path = "UINavigationController+IDNNavBarHidden.h"; sourceTree = "<group>"; };
		94CB05AB1C00F95A004045FC /* UINavigationController+IDNNavBarHidden.m */ = {isa = PBXFileReference; fileEncoding = 4; lastKnownFileType = sourcecode.c.objc; path = "UINavigationController+IDNNavBarHidden.m"; sourceTree = "<group>"; };
		94CB05AC1C00F95A004045FC /* UIPickerView+IDNPickDate.h */ = {isa = PBXFileReference; fileEncoding = 4; lastKnownFileType = sourcecode.c.h; path = "UIPickerView+IDNPickDate.h"; sourceTree = "<group>"; };
		94CB05AD1C00F95A004045FC /* UIPickerView+IDNPickDate.m */ = {isa = PBXFileReference; fileEncoding = 4; lastKnownFileType = sourcecode.c.objc; path = "UIPickerView+IDNPickDate.m"; sourceTree = "<group>"; };
		94CB05AE1C00F95A004045FC /* UIPickerView+IDNTap.h */ = {isa = PBXFileReference; fileEncoding = 4; lastKnownFileType = sourcecode.c.h; path = "UIPickerView+IDNTap.h"; sourceTree = "<group>"; };
		94CB05AF1C00F95B004045FC /* UIPickerView+IDNTap.m */ = {isa = PBXFileReference; fileEncoding = 4; lastKnownFileType = sourcecode.c.objc; path = "UIPickerView+IDNTap.m"; sourceTree = "<group>"; };
		94CB05B01C00F95B004045FC /* UIScreen+IDNExtend.h */ = {isa = PBXFileReference; fileEncoding = 4; lastKnownFileType = sourcecode.c.h; path = "UIScreen+IDNExtend.h"; sourceTree = "<group>"; };
		94CB05B11C00F95B004045FC /* UIScreen+IDNExtend.m */ = {isa = PBXFileReference; fileEncoding = 4; lastKnownFileType = sourcecode.c.objc; path = "UIScreen+IDNExtend.m"; sourceTree = "<group>"; };
		94CB05B21C00F95B004045FC /* UITabBar+IDNRedPoint.h */ = {isa = PBXFileReference; fileEncoding = 4; lastKnownFileType = sourcecode.c.h; path = "UITabBar+IDNRedPoint.h"; sourceTree = "<group>"; };
		94CB05B31C00F95B004045FC /* UITabBar+IDNRedPoint.m */ = {isa = PBXFileReference; fileEncoding = 4; lastKnownFileType = sourcecode.c.objc; path = "UITabBar+IDNRedPoint.m"; sourceTree = "<group>"; };
		94CB05B41C00F95B004045FC /* UIView+IDNCountBadge.h */ = {isa = PBXFileReference; fileEncoding = 4; lastKnownFileType = sourcecode.c.h; path = "UIView+IDNCountBadge.h"; sourceTree = "<group>"; };
		94CB05B51C00F95B004045FC /* UIView+IDNCountBadge.m */ = {isa = PBXFileReference; fileEncoding = 4; lastKnownFileType = sourcecode.c.objc; path = "UIView+IDNCountBadge.m"; sourceTree = "<group>"; };
		94CB05B61C00F95B004045FC /* UIView+IDNExtend.h */ = {isa = PBXFileReference; fileEncoding = 4; lastKnownFileType = sourcecode.c.h; path = "UIView+IDNExtend.h"; sourceTree = "<group>"; };
		94CB05B71C00F95B004045FC /* UIView+IDNExtend.m */ = {isa = PBXFileReference; fileEncoding = 4; lastKnownFileType = sourcecode.c.objc; path = "UIView+IDNExtend.m"; sourceTree = "<group>"; };
		94CB05B81C00F95B004045FC /* UIView+IDNKeyboard.h */ = {isa = PBXFileReference; fileEncoding = 4; lastKnownFileType = sourcecode.c.h; path = "UIView+IDNKeyboard.h"; sourceTree = "<group>"; };
		94CB05B91C00F95B004045FC /* UIView+IDNKeyboard.m */ = {isa = PBXFileReference; fileEncoding = 4; lastKnownFileType = sourcecode.c.objc; path = "UIView+IDNKeyboard.m"; sourceTree = "<group>"; };
		94CB05BA1C00F95B004045FC /* UIView+IDNZoom.h */ = {isa = PBXFileReference; fileEncoding = 4; lastKnownFileType = sourcecode.c.h; path = "UIView+IDNZoom.h"; sourceTree = "<group>"; };
		94CB05BB1C00F95B004045FC /* UIView+IDNZoom.m */ = {isa = PBXFileReference; fileEncoding = 4; lastKnownFileType = sourcecode.c.objc; path = "UIView+IDNZoom.m"; sourceTree = "<group>"; };
		94CB05BC1C00F95B004045FC /* UIViewController+IDNPresentationStack.h */ = {isa = PBXFileReference; fileEncoding = 4; lastKnownFileType = sourcecode.c.h; path = "UIViewController+IDNPresentationStack.h"; sourceTree = "<group>"; };
		94CB05BD1C00F95B004045FC /* UIViewController+IDNPresentationStack.m */ = {isa = PBXFileReference; fileEncoding = 4; lastKnownFileType = sourcecode.c.objc; path = "UIViewController+IDNPresentationStack.m"; sourceTree = "<group>"; };
		94CB05BE1C00F95B004045FC /* UIViewController+IDNPrompt.h */ = {isa = PBXFileReference; fileEncoding = 4; lastKnownFileType = sourcecode.c.h; path = "UIViewController+IDNPrompt.h"; sourceTree = "<group>"; };
		94CB05BF1C00F95B004045FC /* UIViewController+IDNPrompt.m */ = {isa = PBXFileReference; fileEncoding = 4; lastKnownFileType = sourcecode.c.objc; path = "UIViewController+IDNPrompt.m"; sourceTree = "<group>"; };
		94CB05C01C00F95B004045FC /* UIViewController+IDNScreenAdapt.h */ = {isa = PBXFileReference; fileEncoding = 4; lastKnownFileType = sourcecode.c.h; path = "UIViewController+IDNScreenAdapt.h"; sourceTree = "<group>"; };
		94CB05C11C00F95B004045FC /* UIViewController+IDNScreenAdapt.m */ = {isa = PBXFileReference; fileEncoding = 4; lastKnownFileType = sourcecode.c.objc; path = "UIViewController+IDNScreenAdapt.m"; sourceTree = "<group>"; };
		94CB05C21C00F95B004045FC /* UIViewController+IDNTransition.h */ = {isa = PBXFileReference; fileEncoding = 4; lastKnownFileType = sourcecode.c.h; path = "UIViewController+IDNTransition.h"; sourceTree = "<group>"; };
		94CB05C31C00F95B004045FC /* UIViewController+IDNTransition.m */ = {isa = PBXFileReference; fileEncoding = 4; lastKnownFileType = sourcecode.c.objc; path = "UIViewController+IDNTransition.m"; sourceTree = "<group>"; };
		94CB05C41C00F95B004045FC /* UIWindow+IDNExt.h */ = {isa = PBXFileReference; fileEncoding = 4; lastKnownFileType = sourcecode.c.h; path = "UIWindow+IDNExt.h"; sourceTree = "<group>"; };
		94CB05C51C00F95B004045FC /* UIWindow+IDNExt.m */ = {isa = PBXFileReference; fileEncoding = 4; lastKnownFileType = sourcecode.c.objc; path = "UIWindow+IDNExt.m"; sourceTree = "<group>"; };
/* End PBXFileReference section */

/* Begin PBXFrameworksBuildPhase section */
		942C7BD31BDFB3AE00E8F41F /* Frameworks */ = {
			isa = PBXFrameworksBuildPhase;
			buildActionMask = 2147483647;
			files = (
			);
			runOnlyForDeploymentPostprocessing = 0;
		};
/* End PBXFrameworksBuildPhase section */

/* Begin PBXGroup section */
		942C7BCD1BDFB3AE00E8F41F = {
			isa = PBXGroup;
			children = (
				942C7BD81BDFB3AE00E8F41F /* IDNPhotoView */,
				942C7BD71BDFB3AE00E8F41F /* Products */,
			);
			sourceTree = "<group>";
		};
		942C7BD71BDFB3AE00E8F41F /* Products */ = {
			isa = PBXGroup;
			children = (
				942C7BD61BDFB3AE00E8F41F /* IDNPhotoView.app */,
			);
			name = Products;
			sourceTree = "<group>";
		};
		942C7BD81BDFB3AE00E8F41F /* IDNPhotoView */ = {
			isa = PBXGroup;
			children = (
				942C7C061BDFB64000E8F41F /* vender */,
				942C7BDC1BDFB3AE00E8F41F /* AppDelegate.h */,
				942C7BDD1BDFB3AE00E8F41F /* AppDelegate.m */,
				942C7BF01BDFB50C00E8F41F /* BreviaryController.h */,
				942C7BF11BDFB50C00E8F41F /* BreviaryController.m */,
				942C7BF21BDFB50C00E8F41F /* IDNBreviaryView.h */,
				942C7BF31BDFB50C00E8F41F /* IDNBreviaryView.m */,
				942C7BF41BDFB50C00E8F41F /* ImageCollector.h */,
				942C7BF51BDFB50C00E8F41F /* ImageCollector.m */,
				942C7BF61BDFB50C00E8F41F /* RootController.h */,
				942C7BF71BDFB50C00E8F41F /* RootController.m */,
				942C7BF81BDFB50C00E8F41F /* MyCommon.h */,
				942C7BF91BDFB50C00E8F41F /* MyCommon.m */,
				942C7BFA1BDFB50C00E8F41F /* PhotoBrowserView.h */,
				942C7BFB1BDFB50C00E8F41F /* PhotoBrowserView.m */,
				942C7BFC1BDFB50C00E8F41F /* PhotoController.h */,
				942C7BFD1BDFB50C00E8F41F /* PhotoController.m */,
				942C7BE51BDFB3AE00E8F41F /* Assets.xcassets */,
				942C7BE71BDFB3AE00E8F41F /* LaunchScreen.storyboard */,
				942C7BEA1BDFB3AE00E8F41F /* Info.plist */,
				942C7BD91BDFB3AE00E8F41F /* Supporting Files */,
			);
			path = IDNPhotoView;
			sourceTree = "<group>";
		};
		942C7BD91BDFB3AE00E8F41F /* Supporting Files */ = {
			isa = PBXGroup;
			children = (
				942C7BDA1BDFB3AE00E8F41F /* main.m */,
			);
			name = "Supporting Files";
			sourceTree = "<group>";
		};
		942C7C061BDFB64000E8F41F /* vender */ = {
			isa = PBXGroup;
			children = (
				94CB05451C00F95A004045FC /* IDNFramework */,
				942C7C071BDFB65300E8F41F /* XLoader.h */,
				942C7C081BDFB65300E8F41F /* XLoader.m */,
				942C7C0A1BDFB66B00E8F41F /* TouchAssistant.h */,
				942C7C0B1BDFB66B00E8F41F /* TouchAssistant.m */,
				942C7C0D1BDFB6C100E8F41F /* TouchesAssist.h */,
				942C7C0E1BDFB6C100E8F41F /* TouchesAssist.m */,
				942C7D9D1BDFBC6A00E8F41F /* UIImageAdjust.h */,
				942C7D9E1BDFBC6A00E8F41F /* UIImageAdjust.m */,
				942C7DA01BDFC6ED00E8F41F /* IDNTimekeeper.h */,
				942C7DA11BDFC6ED00E8F41F /* IDNTimekeeper.m */,
			);
			path = vender;
			sourceTree = "<group>";
		};
		94CB05451C00F95A004045FC /* IDNFramework */ = {
			isa = PBXGroup;
			children = (
				94CB05461C00F95A004045FC /* IDNFoundation */,
				94CB057C1C00F95A004045FC /* IDNKit */,
			);
			path = IDNFramework;
			sourceTree = "<group>";
		};
		94CB05461C00F95A004045FC /* IDNFoundation */ = {
			isa = PBXGroup;
			children = (
				94CB05471C00F95A004045FC /* IDNAsyncTask.h */,
				94CB05481C00F95A004045FC /* IDNAsyncTask.m */,
				94CB05491C00F95A004045FC /* IDNAutoPersist.h */,
				94CB054A1C00F95A004045FC /* IDNAutoPersist.m */,
				94CB054B1C00F95A004045FC /* IDNFileCache.h */,
				94CB054C1C00F95A004045FC /* IDNFileCache.m */,
				94CB054D1C00F95A004045FC /* IDNFixedList.h */,
				94CB054E1C00F95A004045FC /* IDNFixedList.m */,
				94CB054F1C00F95A004045FC /* IDNFoundation.h */,
				94CB05501C00F95A004045FC /* IDNItemCenter.h */,
				94CB05511C00F95A004045FC /* IDNItemCenter.m */,
				94CB05521C00F95A004045FC /* IDNListItemCenter.h */,
				94CB05531C00F95A004045FC /* IDNListItemCenter.m */,
				94CB05541C00F95A004045FC /* IDNNetwork.h */,
				94CB05551C00F95A004045FC /* IDNNetwork.m */,
				94CB05561C00F95A004045FC /* IDNNotificationCenter.h */,
				94CB05571C00F95A004045FC /* IDNNotificationCenter.m */,
				94CB05581C00F95A004045FC /* IDNResultList.h */,
				94CB05591C00F95A004045FC /* IDNResultList.m */,
				94CB055A1C00F95A004045FC /* IDNSegList.h */,
				94CB055B1C00F95A004045FC /* IDNSegList.m */,
				94CB055C1C00F95A004045FC /* IDNTask.h */,
				94CB055D1C00F95A004045FC /* IDNTask.m */,
				94CB055E1C00F95A004045FC /* NSArray+IDN.h */,
				94CB055F1C00F95A004045FC /* NSArray+IDN.m */,
				94CB05601C00F95A004045FC /* NSData+IDNExtend.h */,
				94CB05611C00F95A004045FC /* NSData+IDNExtend.m */,
				94CB05621C00F95A004045FC /* NSDate+IDNExtend.h */,
				94CB05631C00F95A004045FC /* NSDate+IDNExtend.m */,
				94CB05641C00F95A004045FC /* NSDictionary+IDNExtend.h */,
				94CB05651C00F95A004045FC /* NSDictionary+IDNExtend.m */,
				94CB05661C00F95A004045FC /* NSError+IDNExtend.h */,
				94CB05671C00F95A004045FC /* NSError+IDNExtend.m */,
				94CB05681C00F95A004045FC /* NSFileManager+IDNExtend.h */,
				94CB05691C00F95A004045FC /* NSFileManager+IDNExtend.m */,
				94CB056A1C00F95A004045FC /* NSObject+IDNCustomObject.h */,
				94CB056B1C00F95A004045FC /* NSObject+IDNCustomObject.m */,
				94CB056C1C00F95A004045FC /* NSObject+IDNDeallocBlock.h */,
				94CB056D1C00F95A004045FC /* NSObject+IDNDeallocBlock.m */,
				94CB056E1C00F95A004045FC /* NSObject+IDNEventHandle.h */,
				94CB056F1C00F95A004045FC /* NSObject+IDNEventHandle.m */,
				94CB05701C00F95A004045FC /* NSObject+IDNNotice.h */,
				94CB05711C00F95A004045FC /* NSObject+IDNNotice.m */,
				94CB05721C00F95A004045FC /* NSObject+IDNPerformSelector.h */,
				94CB05731C00F95A004045FC /* NSObject+IDNPerformSelector.m */,
				94CB05741C00F95A004045FC /* NSPointerArray+IDNExtend.h */,
				94CB05751C00F95A004045FC /* NSPointerArray+IDNExtend.m */,
				94CB05761C00F95A004045FC /* NSString+IDNExtend.h */,
				94CB05771C00F95A004045FC /* NSString+IDNExtend.m */,
				94CB05781C00F95A004045FC /* NSTimer+IDNWeakTarget.h */,
				94CB05791C00F95A004045FC /* NSTimer+IDNWeakTarget.m */,
				94CB057A1C00F95A004045FC /* SegmentQuery.h */,
				94CB057B1C00F95A004045FC /* SegmentQuery.m */,
			);
			path = IDNFoundation;
			sourceTree = "<group>";
		};
		94CB057C1C00F95A004045FC /* IDNKit */ = {
			isa = PBXGroup;
			children = (
				94CB057D1C00F95A004045FC /* IDNActivityIndicator.h */,
				94CB057E1C00F95A004045FC /* IDNActivityIndicator.m */,
				94CB057F1C00F95A004045FC /* IDNColorButton.h */,
				94CB05801C00F95A004045FC /* IDNColorButton.m */,
				94CB05811C00F95A004045FC /* IDNFrameView.h */,
				94CB05821C00F95A004045FC /* IDNFrameView.m */,
				94CB05831C00F95A004045FC /* IDNGradientView.h */,
				94CB05841C00F95A004045FC /* IDNGradientView.m */,
				94CB05851C00F95A004045FC /* IDNImagePickerController.h */,
				94CB05861C00F95A004045FC /* IDNImagePickerController.m */,
				94CB05871C00F95A004045FC /* IDNInputHelperView.h */,
				94CB05881C00F95A004045FC /* IDNInputHelperView.m */,
				94CB05891C00F95A004045FC /* IDNKit.h */,
				94CB058A1C00F95A004045FC /* IDNMainController.h */,
				94CB058B1C00F95A004045FC /* IDNMainController.m */,
				94CB058C1C00F95A004045FC /* IDNPageController.h */,
				94CB058D1C00F95A004045FC /* IDNPageController.m */,
				94CB058E1C00F95A004045FC /* IDNProgressView.h */,
				94CB058F1C00F95A004045FC /* IDNProgressView.m */,
				94CB05901C00F95A004045FC /* IDNRefreshControl.h */,
				94CB05911C00F95A004045FC /* IDNRefreshControl.m */,
				94CB05921C00F95A004045FC /* IDNScanCodeView.h */,
				94CB05931C00F95A004045FC /* IDNScanCodeView.m */,
				94CB05941C00F95A004045FC /* IDNSearchBar.h */,
				94CB05951C00F95A004045FC /* IDNSearchBar.m */,
				94CB05961C00F95A004045FC /* IDNSideMenuController.h */,
				94CB05971C00F95A004045FC /* IDNSideMenuController.m */,
				94CB05981C00F95A004045FC /* IDNSplitMainController.h */,
				94CB05991C00F95A004045FC /* IDNSplitMainController.m */,
				94CB059A1C00F95A004045FC /* IDNTapGestureRecognizer.h */,
				94CB059B1C00F95A004045FC /* IDNTapGestureRecognizer.m */,
				94CB059C1C00F95A004045FC /* IDNTopTabController.h */,
				94CB059D1C00F95A004045FC /* IDNTopTabController.m */,
				94CB059E1C00F95A004045FC /* IDNTouchGestureRecognizer.h */,
				94CB059F1C00F95A004045FC /* IDNTouchGestureRecognizer.m */,
				94CB05A01C00F95A004045FC /* IDNViewControllerAnimatedTransitioningLeftRight.h */,
				94CB05A11C00F95A004045FC /* IDNViewControllerAnimatedTransitioningLeftRight.m */,
				94CB05A21C00F95A004045FC /* UIAlertView+IDN.h */,
				94CB05A31C00F95A004045FC /* UIAlertView+IDN.m */,
				94CB05A41C00F95A004045FC /* UIApplication+IDNExt.h */,
				94CB05A51C00F95A004045FC /* UIApplication+IDNExt.m */,
				94CB05A61C00F95A004045FC /* UIBezierPath+IDNExtend.h */,
				94CB05A71C00F95A004045FC /* UIBezierPath+IDNExtend.m */,
				94CB05A81C00F95A004045FC /* UIImage+IDNExtend.h */,
				94CB05A91C00F95A004045FC /* UIImage+IDNExtend.m */,
				94CB05AA1C00F95A004045FC /* UINavigationController+IDNNavBarHidden.h */,
				94CB05AB1C00F95A004045FC /* UINavigationController+IDNNavBarHidden.m */,
				94CB05AC1C00F95A004045FC /* UIPickerView+IDNPickDate.h */,
				94CB05AD1C00F95A004045FC /* UIPickerView+IDNPickDate.m */,
				94CB05AE1C00F95A004045FC /* UIPickerView+IDNTap.h */,
				94CB05AF1C00F95B004045FC /* UIPickerView+IDNTap.m */,
				94CB05B01C00F95B004045FC /* UIScreen+IDNExtend.h */,
				94CB05B11C00F95B004045FC /* UIScreen+IDNExtend.m */,
				94CB05B21C00F95B004045FC /* UITabBar+IDNRedPoint.h */,
				94CB05B31C00F95B004045FC /* UITabBar+IDNRedPoint.m */,
				94CB05B41C00F95B004045FC /* UIView+IDNCountBadge.h */,
				94CB05B51C00F95B004045FC /* UIView+IDNCountBadge.m */,
				94CB05B61C00F95B004045FC /* UIView+IDNExtend.h */,
				94CB05B71C00F95B004045FC /* UIView+IDNExtend.m */,
				94CB05B81C00F95B004045FC /* UIView+IDNKeyboard.h */,
				94CB05B91C00F95B004045FC /* UIView+IDNKeyboard.m */,
				94CB05BA1C00F95B004045FC /* UIView+IDNZoom.h */,
				94CB05BB1C00F95B004045FC /* UIView+IDNZoom.m */,
				94CB05BC1C00F95B004045FC /* UIViewController+IDNPresentationStack.h */,
				94CB05BD1C00F95B004045FC /* UIViewController+IDNPresentationStack.m */,
				94CB05BE1C00F95B004045FC /* UIViewController+IDNPrompt.h */,
				94CB05BF1C00F95B004045FC /* UIViewController+IDNPrompt.m */,
				94CB05C01C00F95B004045FC /* UIViewController+IDNScreenAdapt.h */,
				94CB05C11C00F95B004045FC /* UIViewController+IDNScreenAdapt.m */,
				94CB05C21C00F95B004045FC /* UIViewController+IDNTransition.h */,
				94CB05C31C00F95B004045FC /* UIViewController+IDNTransition.m */,
				94CB05C41C00F95B004045FC /* UIWindow+IDNExt.h */,
				94CB05C51C00F95B004045FC /* UIWindow+IDNExt.m */,
			);
			path = IDNKit;
			sourceTree = "<group>";
		};
/* End PBXGroup section */

/* Begin PBXNativeTarget section */
		942C7BD51BDFB3AE00E8F41F /* IDNPhotoView */ = {
			isa = PBXNativeTarget;
			buildConfigurationList = 942C7BED1BDFB3AE00E8F41F /* Build configuration list for PBXNativeTarget "IDNPhotoView" */;
			buildPhases = (
				942C7BD21BDFB3AE00E8F41F /* Sources */,
				942C7BD31BDFB3AE00E8F41F /* Frameworks */,
				942C7BD41BDFB3AE00E8F41F /* Resources */,
			);
			buildRules = (
			);
			dependencies = (
			);
			name = IDNPhotoView;
			productName = IDNPhotoView;
			productReference = 942C7BD61BDFB3AE00E8F41F /* IDNPhotoView.app */;
			productType = "com.apple.product-type.application";
		};
/* End PBXNativeTarget section */

/* Begin PBXProject section */
		942C7BCE1BDFB3AE00E8F41F /* Project object */ = {
			isa = PBXProject;
			attributes = {
				LastUpgradeCheck = 0710;
				ORGANIZATIONNAME = iosdev.net;
				TargetAttributes = {
					942C7BD51BDFB3AE00E8F41F = {
						CreatedOnToolsVersion = 7.1;
						DevelopmentTeam = L52WR6EY5Z;
					};
				};
			};
			buildConfigurationList = 942C7BD11BDFB3AE00E8F41F /* Build configuration list for PBXProject "IDNPhotoView" */;
			compatibilityVersion = "Xcode 3.2";
			developmentRegion = English;
			hasScannedForEncodings = 0;
			knownRegions = (
				en,
				Base,
			);
			mainGroup = 942C7BCD1BDFB3AE00E8F41F;
			productRefGroup = 942C7BD71BDFB3AE00E8F41F /* Products */;
			projectDirPath = "";
			projectRoot = "";
			targets = (
				942C7BD51BDFB3AE00E8F41F /* IDNPhotoView */,
			);
		};
/* End PBXProject section */

/* Begin PBXResourcesBuildPhase section */
		942C7BD41BDFB3AE00E8F41F /* Resources */ = {
			isa = PBXResourcesBuildPhase;
			buildActionMask = 2147483647;
			files = (
				942C7BE91BDFB3AE00E8F41F /* LaunchScreen.storyboard in Resources */,
				942C7BE61BDFB3AE00E8F41F /* Assets.xcassets in Resources */,
			);
			runOnlyForDeploymentPostprocessing = 0;
		};
/* End PBXResourcesBuildPhase section */

/* Begin PBXSourcesBuildPhase section */
		942C7BD21BDFB3AE00E8F41F /* Sources */ = {
			isa = PBXSourcesBuildPhase;
			buildActionMask = 2147483647;
			files = (
				94CB05D01C00F95B004045FC /* IDNTask.m in Sources */,
				942C7C0F1BDFB6C100E8F41F /* TouchesAssist.m in Sources */,
				94CB05DB1C00F95B004045FC /* NSObject+IDNPerformSelector.m in Sources */,
				94CB05F91C00F95B004045FC /* UIScreen+IDNExtend.m in Sources */,
				94CB05C81C00F95B004045FC /* IDNFileCache.m in Sources */,
				942C7BFF1BDFB50C00E8F41F /* IDNBreviaryView.m in Sources */,
				94CB05E61C00F95B004045FC /* IDNMainController.m in Sources */,
				942C7BDE1BDFB3AE00E8F41F /* AppDelegate.m in Sources */,
				94CB05F61C00F95B004045FC /* UINavigationController+IDNNavBarHidden.m in Sources */,
				94CB06031C00F95B004045FC /* UIWindow+IDNExt.m in Sources */,
				94CB05D71C00F95B004045FC /* NSObject+IDNCustomObject.m in Sources */,
				94CB05E41C00F95B004045FC /* IDNImagePickerController.m in Sources */,
				94CB05F11C00F95B004045FC /* IDNViewControllerAnimatedTransitioningLeftRight.m in Sources */,
				94CB05F21C00F95B004045FC /* UIAlertView+IDN.m in Sources */,
				94CB06011C00F95B004045FC /* UIViewController+IDNScreenAdapt.m in Sources */,
				94CB05F01C00F95B004045FC /* IDNTouchGestureRecognizer.m in Sources */,
				94CB05D41C00F95B004045FC /* NSDictionary+IDNExtend.m in Sources */,
				94CB05EA1C00F95B004045FC /* IDNScanCodeView.m in Sources */,
				94CB05DE1C00F95B004045FC /* NSTimer+IDNWeakTarget.m in Sources */,
				942C7C0C1BDFB66B00E8F41F /* TouchAssistant.m in Sources */,
				94CB05DD1C00F95B004045FC /* NSString+IDNExtend.m in Sources */,
				94CB05D51C00F95B004045FC /* NSError+IDNExtend.m in Sources */,
				94CB05D11C00F95B004045FC /* NSArray+IDN.m in Sources */,
				94CB05CF1C00F95B004045FC /* IDNSegList.m in Sources */,
				94CB05CB1C00F95B004045FC /* IDNListItemCenter.m in Sources */,
				94CB05DC1C00F95B004045FC /* NSPointerArray+IDNExtend.m in Sources */,
				94CB05F71C00F95B004045FC /* UIPickerView+IDNPickDate.m in Sources */,
				94CB05E21C00F95B004045FC /* IDNFrameView.m in Sources */,
				94CB05F41C00F95B004045FC /* UIBezierPath+IDNExtend.m in Sources */,
				94CB05D21C00F95B004045FC /* NSData+IDNExtend.m in Sources */,
				942C7C021BDFB50C00E8F41F /* MyCommon.m in Sources */,
				94CB05FC1C00F95B004045FC /* UIView+IDNExtend.m in Sources */,
				942C7C011BDFB50C00E8F41F /* RootController.m in Sources */,
				94CB05ED1C00F95B004045FC /* IDNSplitMainController.m in Sources */,
				94CB05FA1C00F95B004045FC /* UITabBar+IDNRedPoint.m in Sources */,
				94CB05E31C00F95B004045FC /* IDNGradientView.m in Sources */,
				94CB05EF1C00F95B004045FC /* IDNTopTabController.m in Sources */,
				94CB05CE1C00F95B004045FC /* IDNResultList.m in Sources */,
				942C7C041BDFB50C00E8F41F /* PhotoController.m in Sources */,
				94CB05EC1C00F95B004045FC /* IDNSideMenuController.m in Sources */,
				94CB05E91C00F95B004045FC /* IDNRefreshControl.m in Sources */,
				94CB05FF1C00F95B004045FC /* UIViewController+IDNPresentationStack.m in Sources */,
				942C7C031BDFB50C00E8F41F /* PhotoBrowserView.m in Sources */,
				94CB05F31C00F95B004045FC /* UIApplication+IDNExt.m in Sources */,
				94CB05E71C00F95B004045FC /* IDNPageController.m in Sources */,
				94CB05D81C00F95B004045FC /* NSObject+IDNDeallocBlock.m in Sources */,
				94CB05D61C00F95B004045FC /* NSFileManager+IDNExtend.m in Sources */,
				94CB05F51C00F95B004045FC /* UIImage+IDNExtend.m in Sources */,
				94CB05FB1C00F95B004045FC /* UIView+IDNCountBadge.m in Sources */,
				942C7BFE1BDFB50C00E8F41F /* BreviaryController.m in Sources */,
				94CB05DA1C00F95B004045FC /* NSObject+IDNNotice.m in Sources */,
				94CB05C91C00F95B004045FC /* IDNFixedList.m in Sources */,
				94CB05C71C00F95B004045FC /* IDNAutoPersist.m in Sources */,
				94CB05EB1C00F95B004045FC /* IDNSearchBar.m in Sources */,
				94CB06021C00F95B004045FC /* UIViewController+IDNTransition.m in Sources */,
				94CB05CD1C00F95B004045FC /* IDNNotificationCenter.m in Sources */,
				94CB05E11C00F95B004045FC /* IDNColorButton.m in Sources */,
				94CB06001C00F95B004045FC /* UIViewController+IDNPrompt.m in Sources */,
				94CB05E51C00F95B004045FC /* IDNInputHelperView.m in Sources */,
				94CB05E01C00F95B004045FC /* IDNActivityIndicator.m in Sources */,
				94CB05D91C00F95B004045FC /* NSObject+IDNEventHandle.m in Sources */,
				94CB05E81C00F95B004045FC /* IDNProgressView.m in Sources */,
				94CB05EE1C00F95B004045FC /* IDNTapGestureRecognizer.m in Sources */,
				942C7C001BDFB50C00E8F41F /* ImageCollector.m in Sources */,
				94CB05CA1C00F95B004045FC /* IDNItemCenter.m in Sources */,
				94CB05FE1C00F95B004045FC /* UIView+IDNZoom.m in Sources */,
				94CB05CC1C00F95B004045FC /* IDNNetwork.m in Sources */,
				94CB05D31C00F95B004045FC /* NSDate+IDNExtend.m in Sources */,
				94CB05DF1C00F95B004045FC /* SegmentQuery.m in Sources */,
				942C7D9F1BDFBC6A00E8F41F /* UIImageAdjust.m in Sources */,
				942C7BDB1BDFB3AE00E8F41F /* main.m in Sources */,
				942C7C091BDFB65300E8F41F /* XLoader.m in Sources */,
				94CB05C61C00F95B004045FC /* IDNAsyncTask.m in Sources */,
				94CB05FD1C00F95B004045FC /* UIView+IDNKeyboard.m in Sources */,
				94CB05F81C00F95B004045FC /* UIPickerView+IDNTap.m in Sources */,
				942C7DA21BDFC6ED00E8F41F /* IDNTimekeeper.m in Sources */,
			);
			runOnlyForDeploymentPostprocessing = 0;
		};
/* End PBXSourcesBuildPhase section */

/* Begin PBXVariantGroup section */
		942C7BE71BDFB3AE00E8F41F /* LaunchScreen.storyboard */ = {
			isa = PBXVariantGroup;
			children = (
				942C7BE81BDFB3AE00E8F41F /* Base */,
			);
			name = LaunchScreen.storyboard;
			sourceTree = "<group>";
		};
/* End PBXVariantGroup section */

/* Begin XCBuildConfiguration section */
		942C7BEB1BDFB3AE00E8F41F /* Debug */ = {
			isa = XCBuildConfiguration;
			buildSettings = {
				ALWAYS_SEARCH_USER_PATHS = NO;
				CLANG_CXX_LANGUAGE_STANDARD = "gnu++0x";
				CLANG_CXX_LIBRARY = "libc++";
				CLANG_ENABLE_MODULES = YES;
				CLANG_ENABLE_OBJC_ARC = YES;
				CLANG_WARN_BOOL_CONVERSION = YES;
				CLANG_WARN_CONSTANT_CONVERSION = YES;
				CLANG_WARN_DIRECT_OBJC_ISA_USAGE = YES_ERROR;
				CLANG_WARN_EMPTY_BODY = YES;
				CLANG_WARN_ENUM_CONVERSION = YES;
				CLANG_WARN_INT_CONVERSION = YES;
				CLANG_WARN_OBJC_ROOT_CLASS = YES_ERROR;
				CLANG_WARN_UNREACHABLE_CODE = YES;
				CLANG_WARN__DUPLICATE_METHOD_MATCH = YES;
				"CODE_SIGN_IDENTITY[sdk=iphoneos*]" = "iPhone Developer";
				COPY_PHASE_STRIP = NO;
				DEBUG_INFORMATION_FORMAT = dwarf;
				ENABLE_STRICT_OBJC_MSGSEND = YES;
				ENABLE_TESTABILITY = YES;
				GCC_C_LANGUAGE_STANDARD = gnu99;
				GCC_DYNAMIC_NO_PIC = NO;
				GCC_NO_COMMON_BLOCKS = YES;
				GCC_OPTIMIZATION_LEVEL = 0;
				GCC_PREPROCESSOR_DEFINITIONS = (
					"DEBUG=1",
					"$(inherited)",
				);
				GCC_WARN_64_TO_32_BIT_CONVERSION = YES;
				GCC_WARN_ABOUT_RETURN_TYPE = YES_ERROR;
				GCC_WARN_UNDECLARED_SELECTOR = YES;
				GCC_WARN_UNINITIALIZED_AUTOS = YES_AGGRESSIVE;
				GCC_WARN_UNUSED_FUNCTION = YES;
				GCC_WARN_UNUSED_VARIABLE = YES;
				IPHONEOS_DEPLOYMENT_TARGET = 9.1;
				MTL_ENABLE_DEBUG_INFO = YES;
				ONLY_ACTIVE_ARCH = YES;
				SDKROOT = iphoneos;
			};
			name = Debug;
		};
		942C7BEC1BDFB3AE00E8F41F /* Release */ = {
			isa = XCBuildConfiguration;
			buildSettings = {
				ALWAYS_SEARCH_USER_PATHS = NO;
				CLANG_CXX_LANGUAGE_STANDARD = "gnu++0x";
				CLANG_CXX_LIBRARY = "libc++";
				CLANG_ENABLE_MODULES = YES;
				CLANG_ENABLE_OBJC_ARC = YES;
				CLANG_WARN_BOOL_CONVERSION = YES;
				CLANG_WARN_CONSTANT_CONVERSION = YES;
				CLANG_WARN_DIRECT_OBJC_ISA_USAGE = YES_ERROR;
				CLANG_WARN_EMPTY_BODY = YES;
				CLANG_WARN_ENUM_CONVERSION = YES;
				CLANG_WARN_INT_CONVERSION = YES;
				CLANG_WARN_OBJC_ROOT_CLASS = YES_ERROR;
				CLANG_WARN_UNREACHABLE_CODE = YES;
				CLANG_WARN__DUPLICATE_METHOD_MATCH = YES;
				"CODE_SIGN_IDENTITY[sdk=iphoneos*]" = "iPhone Developer";
				COPY_PHASE_STRIP = NO;
				DEBUG_INFORMATION_FORMAT = "dwarf-with-dsym";
				ENABLE_NS_ASSERTIONS = NO;
				ENABLE_STRICT_OBJC_MSGSEND = YES;
				GCC_C_LANGUAGE_STANDARD = gnu99;
				GCC_NO_COMMON_BLOCKS = YES;
				GCC_WARN_64_TO_32_BIT_CONVERSION = YES;
				GCC_WARN_ABOUT_RETURN_TYPE = YES_ERROR;
				GCC_WARN_UNDECLARED_SELECTOR = YES;
				GCC_WARN_UNINITIALIZED_AUTOS = YES_AGGRESSIVE;
				GCC_WARN_UNUSED_FUNCTION = YES;
				GCC_WARN_UNUSED_VARIABLE = YES;
				IPHONEOS_DEPLOYMENT_TARGET = 9.1;
				MTL_ENABLE_DEBUG_INFO = NO;
				SDKROOT = iphoneos;
				VALIDATE_PRODUCT = YES;
			};
			name = Release;
		};
		942C7BEE1BDFB3AE00E8F41F /* Debug */ = {
			isa = XCBuildConfiguration;
			buildSettings = {
				ASSETCATALOG_COMPILER_APPICON_NAME = AppIcon;
				ASSETCATALOG_COMPILER_LAUNCHIMAGE_NAME = LaunchImage;
				INFOPLIST_FILE = IDNPhotoView/Info.plist;
				IPHONEOS_DEPLOYMENT_TARGET = 8.0;
				LD_RUNPATH_SEARCH_PATHS = "$(inherited) @executable_path/Frameworks";
				PRODUCT_BUNDLE_IDENTIFIER = net.iosdev.IDNPhotoView;
				PRODUCT_NAME = "$(TARGET_NAME)";
			};
			name = Debug;
		};
		942C7BEF1BDFB3AE00E8F41F /* Release */ = {
			isa = XCBuildConfiguration;
			buildSettings = {
				ASSETCATALOG_COMPILER_APPICON_NAME = AppIcon;
				ASSETCATALOG_COMPILER_LAUNCHIMAGE_NAME = LaunchImage;
				INFOPLIST_FILE = IDNPhotoView/Info.plist;
				IPHONEOS_DEPLOYMENT_TARGET = 8.0;
				LD_RUNPATH_SEARCH_PATHS = "$(inherited) @executable_path/Frameworks";
				PRODUCT_BUNDLE_IDENTIFIER = net.iosdev.IDNPhotoView;
				PRODUCT_NAME = "$(TARGET_NAME)";
			};
			name = Release;
		};
/* End XCBuildConfiguration section */

/* Begin XCConfigurationList section */
		942C7BD11BDFB3AE00E8F41F /* Build configuration list for PBXProject "IDNPhotoView" */ = {
			isa = XCConfigurationList;
			buildConfigurations = (
				942C7BEB1BDFB3AE00E8F41F /* Debug */,
				942C7BEC1BDFB3AE00E8F41F /* Release */,
			);
			defaultConfigurationIsVisible = 0;
			defaultConfigurationName = Release;
		};
		942C7BED1BDFB3AE00E8F41F /* Build configuration list for PBXNativeTarget "IDNPhotoView" */ = {
			isa = XCConfigurationList;
			buildConfigurations = (
				942C7BEE1BDFB3AE00E8F41F /* Debug */,
				942C7BEF1BDFB3AE00E8F41F /* Release */,
			);
			defaultConfigurationIsVisible = 0;
			defaultConfigurationName = Release;
		};
/* End XCConfigurationList section */
	};
	rootObject = 942C7BCE1BDFB3AE00E8F41F /* Project object */;
}
