// !$*UTF8*$!
{
	archiveVersion = 1;
	classes = {
	};
	objectVersion = 46;
	objects = {

/* Begin PBXBuildFile section */
		942C7BDB1BDFB3AE00E8F41F /* main.m in Sources */ = {isa = PBXBuildFile; fileRef = 942C7BDA1BDFB3AE00E8F41F /* main.m */; };
		942C7BDE1BDFB3AE00E8F41F /* AppDelegate.m in Sources */ = {isa = PBXBuildFile; fileRef = 942C7BDD1BDFB3AE00E8F41F /* AppDelegate.m */; };
		942C7BE11BDFB3AE00E8F41F /* ViewController.m in Sources */ = {isa = PBXBuildFile; fileRef = 942C7BE01BDFB3AE00E8F41F /* ViewController.m */; };
		942C7BE41BDFB3AE00E8F41F /* Main.storyboard in Resources */ = {isa = PBXBuildFile; fileRef = 942C7BE21BDFB3AE00E8F41F /* Main.storyboard */; };
		942C7BE61BDFB3AE00E8F41F /* Assets.xcassets in Resources */ = {isa = PBXBuildFile; fileRef = 942C7BE51BDFB3AE00E8F41F /* Assets.xcassets */; };
		942C7BE91BDFB3AE00E8F41F /* LaunchScreen.storyboard in Resources */ = {isa = PBXBuildFile; fileRef = 942C7BE71BDFB3AE00E8F41F /* LaunchScreen.storyboard */; };
/* End PBXBuildFile section */

/* Begin PBXFileReference section */
		942C7BD61BDFB3AE00E8F41F /* IDNPhotoView.app */ = {isa = PBXFileReference; explicitFileType = wrapper.application; includeInIndex = 0; path = IDNPhotoView.app; sourceTree = BUILT_PRODUCTS_DIR; };
		942C7BDA1BDFB3AE00E8F41F /* main.m */ = {isa = PBXFileReference; lastKnownFileType = sourcecode.c.objc; path = main.m; sourceTree = "<group>"; };
		942C7BDC1BDFB3AE00E8F41F /* AppDelegate.h */ = {isa = PBXFileReference; lastKnownFileType = sourcecode.c.h; path = AppDelegate.h; sourceTree = "<group>"; };
		942C7BDD1BDFB3AE00E8F41F /* AppDelegate.m */ = {isa = PBXFileReference; lastKnownFileType = sourcecode.c.objc; path = AppDelegate.m; sourceTree = "<group>"; };
		942C7BDF1BDFB3AE00E8F41F /* ViewController.h */ = {isa = PBXFileReference; lastKnownFileType = sourcecode.c.h; path = ViewController.h; sourceTree = "<group>"; };
		942C7BE01BDFB3AE00E8F41F /* ViewController.m */ = {isa = PBXFileReference; lastKnownFileType = sourcecode.c.objc; path = ViewController.m; sourceTree = "<group>"; };
		942C7BE31BDFB3AE00E8F41F /* Base */ = {isa = PBXFileReference; lastKnownFileType = file.storyboard; name = Base; path = Base.lproj/Main.storyboard; sourceTree = "<group>"; };
		942C7BE51BDFB3AE00E8F41F /* Assets.xcassets */ = {isa = PBXFileReference; lastKnownFileType = folder.assetcatalog; path = Assets.xcassets; sourceTree = "<group>"; };
		942C7BE81BDFB3AE00E8F41F /* Base */ = {isa = PBXFileReference; lastKnownFileType = file.storyboard; name = Base; path = Base.lproj/LaunchScreen.storyboard; sourceTree = "<group>"; };
		942C7BEA1BDFB3AE00E8F41F /* Info.plist */ = {isa = PBXFileReference; lastKnownFileType = text.plist.xml; path = Info.plist; sourceTree = "<group>"; };
/* End PBXFileReference section */

/* Begin PBXFrameworksBuildPhase section */
		942C7BD31BDFB3AE00E8F41F /* Frameworks */ = {
			isa = PBXFrameworksBuildPhase;
			buildActionMask = 2147483647;
			files = (
			);
			runOnlyForDeploymentPostprocessing = 0;
		};
/* End PBXFrameworksBuildPhase section */

/* Begin PBXGroup section */
		942C7BCD1BDFB3AE00E8F41F = {
			isa = PBXGroup;
			children = (
				942C7BD81BDFB3AE00E8F41F /* IDNPhotoView */,
				942C7BD71BDFB3AE00E8F41F /* Products */,
			);
			sourceTree = "<group>";
		};
		942C7BD71BDFB3AE00E8F41F /* Products */ = {
			isa = PBXGroup;
			children = (
				942C7BD61BDFB3AE00E8F41F /* IDNPhotoView.app */,
			);
			name = Products;
			sourceTree = "<group>";
		};
		942C7BD81BDFB3AE00E8F41F /* IDNPhotoView */ = {
			isa = PBXGroup;
			children = (
				942C7BDC1BDFB3AE00E8F41F /* AppDelegate.h */,
				942C7BDD1BDFB3AE00E8F41F /* AppDelegate.m */,
				942C7BDF1BDFB3AE00E8F41F /* ViewController.h */,
				942C7BE01BDFB3AE00E8F41F /* ViewController.m */,
				942C7BE21BDFB3AE00E8F41F /* Main.storyboard */,
				942C7BE51BDFB3AE00E8F41F /* Assets.xcassets */,
				942C7BE71BDFB3AE00E8F41F /* LaunchScreen.storyboard */,
				942C7BEA1BDFB3AE00E8F41F /* Info.plist */,
				942C7BD91BDFB3AE00E8F41F /* Supporting Files */,
			);
			path = IDNPhotoView;
			sourceTree = "<group>";
		};
		942C7BD91BDFB3AE00E8F41F /* Supporting Files */ = {
			isa = PBXGroup;
			children = (
				942C7BDA1BDFB3AE00E8F41F /* main.m */,
			);
			name = "Supporting Files";
			sourceTree = "<group>";
		};
/* End PBXGroup section */

/* Begin PBXNativeTarget section */
		942C7BD51BDFB3AE00E8F41F /* IDNPhotoView */ = {
			isa = PBXNativeTarget;
			buildConfigurationList = 942C7BED1BDFB3AE00E8F41F /* Build configuration list for PBXNativeTarget "IDNPhotoView" */;
			buildPhases = (
				942C7BD21BDFB3AE00E8F41F /* Sources */,
				942C7BD31BDFB3AE00E8F41F /* Frameworks */,
				942C7BD41BDFB3AE00E8F41F /* Resources */,
			);
			buildRules = (
			);
			dependencies = (
			);
			name = IDNPhotoView;
			productName = IDNPhotoView;
			productReference = 942C7BD61BDFB3AE00E8F41F /* IDNPhotoView.app */;
			productType = "com.apple.product-type.application";
		};
/* End PBXNativeTarget section */

/* Begin PBXProject section */
		942C7BCE1BDFB3AE00E8F41F /* Project object */ = {
			isa = PBXProject;
			attributes = {
				LastUpgradeCheck = 0710;
				ORGANIZATIONNAME = iosdev.net;
				TargetAttributes = {
					942C7BD51BDFB3AE00E8F41F = {
						CreatedOnToolsVersion = 7.1;
						DevelopmentTeam = L52WR6EY5Z;
					};
				};
			};
			buildConfigurationList = 942C7BD11BDFB3AE00E8F41F /* Build configuration list for PBXProject "IDNPhotoView" */;
			compatibilityVersion = "Xcode 3.2";
			developmentRegion = English;
			hasScannedForEncodings = 0;
			knownRegions = (
				en,
				Base,
			);
			mainGroup = 942C7BCD1BDFB3AE00E8F41F;
			productRefGroup = 942C7BD71BDFB3AE00E8F41F /* Products */;
			projectDirPath = "";
			projectRoot = "";
			targets = (
				942C7BD51BDFB3AE00E8F41F /* IDNPhotoView */,
			);
		};
/* End PBXProject section */

/* Begin PBXResourcesBuildPhase section */
		942C7BD41BDFB3AE00E8F41F /* Resources */ = {
			isa = PBXResourcesBuildPhase;
			buildActionMask = 2147483647;
			files = (
				942C7BE91BDFB3AE00E8F41F /* LaunchScreen.storyboard in Resources */,
				942C7BE61BDFB3AE00E8F41F /* Assets.xcassets in Resources */,
				942C7BE41BDFB3AE00E8F41F /* Main.storyboard in Resources */,
			);
			runOnlyForDeploymentPostprocessing = 0;
		};
/* End PBXResourcesBuildPhase section */

/* Begin PBXSourcesBuildPhase section */
		942C7BD21BDFB3AE00E8F41F /* Sources */ = {
			isa = PBXSourcesBuildPhase;
			buildActionMask = 2147483647;
			files = (
				942C7BE11BDFB3AE00E8F41F /* ViewController.m in Sources */,
				942C7BDE1BDFB3AE00E8F41F /* AppDelegate.m in Sources */,
				942C7BDB1BDFB3AE00E8F41F /* main.m in Sources */,
			);
			runOnlyForDeploymentPostprocessing = 0;
		};
/* End PBXSourcesBuildPhase section */

/* Begin PBXVariantGroup section */
		942C7BE21BDFB3AE00E8F41F /* Main.storyboard */ = {
			isa = PBXVariantGroup;
			children = (
				942C7BE31BDFB3AE00E8F41F /* Base */,
			);
			name = Main.storyboard;
			sourceTree = "<group>";
		};
		942C7BE71BDFB3AE00E8F41F /* LaunchScreen.storyboard */ = {
			isa = PBXVariantGroup;
			children = (
				942C7BE81BDFB3AE00E8F41F /* Base */,
			);
			name = LaunchScreen.storyboard;
			sourceTree = "<group>";
		};
/* End PBXVariantGroup section */

/* Begin XCBuildConfiguration section */
		942C7BEB1BDFB3AE00E8F41F /* Debug */ = {
			isa = XCBuildConfiguration;
			buildSettings = {
				ALWAYS_SEARCH_USER_PATHS = NO;
				CLANG_CXX_LANGUAGE_STANDARD = "gnu++0x";
				CLANG_CXX_LIBRARY = "libc++";
				CLANG_ENABLE_MODULES = YES;
				CLANG_ENABLE_OBJC_ARC = YES;
				CLANG_WARN_BOOL_CONVERSION = YES;
				CLANG_WARN_CONSTANT_CONVERSION = YES;
				CLANG_WARN_DIRECT_OBJC_ISA_USAGE = YES_ERROR;
				CLANG_WARN_EMPTY_BODY = YES;
				CLANG_WARN_ENUM_CONVERSION = YES;
				CLANG_WARN_INT_CONVERSION = YES;
				CLANG_WARN_OBJC_ROOT_CLASS = YES_ERROR;
				CLANG_WARN_UNREACHABLE_CODE = YES;
				CLANG_WARN__DUPLICATE_METHOD_MATCH = YES;
				"CODE_SIGN_IDENTITY[sdk=iphoneos*]" = "iPhone Developer";
				COPY_PHASE_STRIP = NO;
				DEBUG_INFORMATION_FORMAT = dwarf;
				ENABLE_STRICT_OBJC_MSGSEND = YES;
				ENABLE_TESTABILITY = YES;
				GCC_C_LANGUAGE_STANDARD = gnu99;
				GCC_DYNAMIC_NO_PIC = NO;
				GCC_NO_COMMON_BLOCKS = YES;
				GCC_OPTIMIZATION_LEVEL = 0;
				GCC_PREPROCESSOR_DEFINITIONS = (
					"DEBUG=1",
					"$(inherited)",
				);
				GCC_WARN_64_TO_32_BIT_CONVERSION = YES;
				GCC_WARN_ABOUT_RETURN_TYPE = YES_ERROR;
				GCC_WARN_UNDECLARED_SELECTOR = YES;
				GCC_WARN_UNINITIALIZED_AUTOS = YES_AGGRESSIVE;
				GCC_WARN_UNUSED_FUNCTION = YES;
				GCC_WARN_UNUSED_VARIABLE = YES;
				IPHONEOS_DEPLOYMENT_TARGET = 9.1;
				MTL_ENABLE_DEBUG_INFO = YES;
				ONLY_ACTIVE_ARCH = YES;
				SDKROOT = iphoneos;
			};
			name = Debug;
		};
		942C7BEC1BDFB3AE00E8F41F /* Release */ = {
			isa = XCBuildConfiguration;
			buildSettings = {
				ALWAYS_SEARCH_USER_PATHS = NO;
				CLANG_CXX_LANGUAGE_STANDARD = "gnu++0x";
				CLANG_CXX_LIBRARY = "libc++";
				CLANG_ENABLE_MODULES = YES;
				CLANG_ENABLE_OBJC_ARC = YES;
				CLANG_WARN_BOOL_CONVERSION = YES;
				CLANG_WARN_CONSTANT_CONVERSION = YES;
				CLANG_WARN_DIRECT_OBJC_ISA_USAGE = YES_ERROR;
				CLANG_WARN_EMPTY_BODY = YES;
				CLANG_WARN_ENUM_CONVERSION = YES;
				CLANG_WARN_INT_CONVERSION = YES;
				CLANG_WARN_OBJC_ROOT_CLASS = YES_ERROR;
				CLANG_WARN_UNREACHABLE_CODE = YES;
				CLANG_WARN__DUPLICATE_METHOD_MATCH = YES;
				"CODE_SIGN_IDENTITY[sdk=iphoneos*]" = "iPhone Developer";
				COPY_PHASE_STRIP = NO;
				DEBUG_INFORMATION_FORMAT = "dwarf-with-dsym";
				ENABLE_NS_ASSERTIONS = NO;
				ENABLE_STRICT_OBJC_MSGSEND = YES;
				GCC_C_LANGUAGE_STANDARD = gnu99;
				GCC_NO_COMMON_BLOCKS = YES;
				GCC_WARN_64_TO_32_BIT_CONVERSION = YES;
				GCC_WARN_ABOUT_RETURN_TYPE = YES_ERROR;
				GCC_WARN_UNDECLARED_SELECTOR = YES;
				GCC_WARN_UNINITIALIZED_AUTOS = YES_AGGRESSIVE;
				GCC_WARN_UNUSED_FUNCTION = YES;
				GCC_WARN_UNUSED_VARIABLE = YES;
				IPHONEOS_DEPLOYMENT_TARGET = 9.1;
				MTL_ENABLE_DEBUG_INFO = NO;
				SDKROOT = iphoneos;
				VALIDATE_PRODUCT = YES;
			};
			name = Release;
		};
		942C7BEE1BDFB3AE00E8F41F /* Debug */ = {
			isa = XCBuildConfiguration;
			buildSettings = {
				ASSETCATALOG_COMPILER_APPICON_NAME = AppIcon;
				INFOPLIST_FILE = IDNPhotoView/Info.plist;
				LD_RUNPATH_SEARCH_PATHS = "$(inherited) @executable_path/Frameworks";
				PRODUCT_BUNDLE_IDENTIFIER = net.iosdev.IDNPhotoView;
				PRODUCT_NAME = "$(TARGET_NAME)";
			};
			name = Debug;
		};
		942C7BEF1BDFB3AE00E8F41F /* Release */ = {
			isa = XCBuildConfiguration;
			buildSettings = {
				ASSETCATALOG_COMPILER_APPICON_NAME = AppIcon;
				INFOPLIST_FILE = IDNPhotoView/Info.plist;
				LD_RUNPATH_SEARCH_PATHS = "$(inherited) @executable_path/Frameworks";
				PRODUCT_BUNDLE_IDENTIFIER = net.iosdev.IDNPhotoView;
				PRODUCT_NAME = "$(TARGET_NAME)";
			};
			name = Release;
		};
/* End XCBuildConfiguration section */

/* Begin XCConfigurationList section */
		942C7BD11BDFB3AE00E8F41F /* Build configuration list for PBXProject "IDNPhotoView" */ = {
			isa = XCConfigurationList;
			buildConfigurations = (
				942C7BEB1BDFB3AE00E8F41F /* Debug */,
				942C7BEC1BDFB3AE00E8F41F /* Release */,
			);
			defaultConfigurationIsVisible = 0;
			defaultConfigurationName = Release;
		};
		942C7BED1BDFB3AE00E8F41F /* Build configuration list for PBXNativeTarget "IDNPhotoView" */ = {
			isa = XCConfigurationList;
			buildConfigurations = (
				942C7BEE1BDFB3AE00E8F41F /* Debug */,
				942C7BEF1BDFB3AE00E8F41F /* Release */,
			);
			defaultConfigurationIsVisible = 0;
		};
/* End XCConfigurationList section */
	};
	rootObject = 942C7BCE1BDFB3AE00E8F41F /* Project object */;
}
